// !$*UTF8*$!
{
	archiveVersion = 1;
	classes = {
	};
	objectVersion = 46;
	objects = {

/* Begin PBXBuildFile section */
		0217D9B819A1F45D004ECC77 /* libsqlite3.0.dylib in Frameworks */ = {isa = PBXBuildFile; fileRef = 0217D9B719A1F45D004ECC77 /* libsqlite3.0.dylib */; };
		021DB885196041CA0061D297 /* PersonalCenterContainerWindow.m in Sources */ = {isa = PBXBuildFile; fileRef = 021DB884196041CA0061D297 /* PersonalCenterContainerWindow.m */; };
		021DB88819604A5C0061D297 /* CallWindowBackViewController.m in Sources */ = {isa = PBXBuildFile; fileRef = 021DB88719604A5C0061D297 /* CallWindowBackViewController.m */; };
		021DB88B196058730061D297 /* LightStateBarNavigationController.m in Sources */ = {isa = PBXBuildFile; fileRef = 021DB88A196058730061D297 /* LightStateBarNavigationController.m */; };
		024335F819C441DB00B3E056 /* BusinessView_35.xib in Resources */ = {isa = PBXBuildFile; fileRef = 024335F719C441DB00B3E056 /* BusinessView_35.xib */; };
		024335FA19C44ED600B3E056 /* BusinessViewDetailView_35.xib in Resources */ = {isa = PBXBuildFile; fileRef = 024335F919C44ED600B3E056 /* BusinessViewDetailView_35.xib */; };
		024335FC19C4606B00B3E056 /* MOKADetailView_35.xib in Resources */ = {isa = PBXBuildFile; fileRef = 024335FB19C4606B00B3E056 /* MOKADetailView_35.xib */; };
		02793BA3197D6D0200B2AC39 /* RecivedMOKACell.m in Sources */ = {isa = PBXBuildFile; fileRef = 02793BA2197D6D0200B2AC39 /* RecivedMOKACell.m */; };
		02793BA5197D6D1C00B2AC39 /* RecivedMOKACell.xib in Resources */ = {isa = PBXBuildFile; fileRef = 02793BA4197D6D1C00B2AC39 /* RecivedMOKACell.xib */; };
		02793BA8197D6E9000B2AC39 /* CustomLayout.m in Sources */ = {isa = PBXBuildFile; fileRef = 02793BA7197D6E9000B2AC39 /* CustomLayout.m */; };
		02AFB9A71987DA07005BB260 /* MCategory.m in Sources */ = {isa = PBXBuildFile; fileRef = 02AFB9A61987DA07005BB260 /* MCategory.m */; };
		02AFB9AA1987DA08005BB260 /* MCity.m in Sources */ = {isa = PBXBuildFile; fileRef = 02AFB9A91987DA08005BB260 /* MCity.m */; };
		02AFC78F19C55DE300BDCDDC /* ChooseContactViewController.m in Sources */ = {isa = PBXBuildFile; fileRef = 02AFC78E19C55DE300BDCDDC /* ChooseContactViewController.m */; };
		02AFC79219C562E200BDCDDC /* ChooseContactCell.m in Sources */ = {isa = PBXBuildFile; fileRef = 02AFC79119C562E200BDCDDC /* ChooseContactCell.m */; };
		02B5DBEF19B2EA3400E79109 /* MMoka.m in Sources */ = {isa = PBXBuildFile; fileRef = 02B5DBEE19B2EA3400E79109 /* MMoka.m */; };
		02F62A68199F88B7006FD8A9 /* DataBaseManager.m in Sources */ = {isa = PBXBuildFile; fileRef = 02F62A67199F88B7006FD8A9 /* DataBaseManager.m */; };
		039DFE8D97A54617A1C7EBF4 /* libPods.a in Frameworks */ = {isa = PBXBuildFile; fileRef = 8330954EF015441DA5DB3E8F /* libPods.a */; };
		3B085772197CE36E000AAEE8 /* BlackStateBarNavigationController.m in Sources */ = {isa = PBXBuildFile; fileRef = 3B085771197CE36E000AAEE8 /* BlackStateBarNavigationController.m */; };
		3B085776197D1DDF000AAEE8 /* BusinessDetailViewTopContainerCell.m in Sources */ = {isa = PBXBuildFile; fileRef = 3B085774197D1DDF000AAEE8 /* BusinessDetailViewTopContainerCell.m */; };
		3B085777197D1DDF000AAEE8 /* BusinessDetailViewTopContainerCell.xib in Resources */ = {isa = PBXBuildFile; fileRef = 3B085775197D1DDF000AAEE8 /* BusinessDetailViewTopContainerCell.xib */; };
		3B119C8819570A4A00077226 /* MOKADetailView.xib in Resources */ = {isa = PBXBuildFile; fileRef = 3B119C8719570A4A00077226 /* MOKADetailView.xib */; };
		3B119C8B19570A6300077226 /* MOKADetailView.m in Sources */ = {isa = PBXBuildFile; fileRef = 3B119C8A19570A6300077226 /* MOKADetailView.m */; };
		3B119C8E1957256C00077226 /* MOKADetailMessageViewController.m in Sources */ = {isa = PBXBuildFile; fileRef = 3B119C8D1957256C00077226 /* MOKADetailMessageViewController.m */; };
		3B149C56192E2EB600271741 /* BusinessDetailViewController.m in Sources */ = {isa = PBXBuildFile; fileRef = 3B149C55192E2EB600271741 /* BusinessDetailViewController.m */; };
		3B22AA4419ADB22200C13A32 /* MMerchant.m in Sources */ = {isa = PBXBuildFile; fileRef = 3B22AA4319ADB22200C13A32 /* MMerchant.m */; };
		3B22AA4719ADD7F200C13A32 /* MMerchantDetail.m in Sources */ = {isa = PBXBuildFile; fileRef = 3B22AA4619ADD7F200C13A32 /* MMerchantDetail.m */; };
		3B2640B71935B43000F88024 /* UIButton+Block.m in Sources */ = {isa = PBXBuildFile; fileRef = 3B2640B41935B43000F88024 /* UIButton+Block.m */; };
		3B2640B81935B43000F88024 /* UIView+TopRadius.m in Sources */ = {isa = PBXBuildFile; fileRef = 3B2640B61935B43000F88024 /* UIView+TopRadius.m */; };
		3B29EC0019420B97006054A1 /* Reachability.m in Sources */ = {isa = PBXBuildFile; fileRef = 3B29EBFF19420B97006054A1 /* Reachability.m */; };
		3B2B4531197F7DB100E13D6B /* RefundProcessCell.m in Sources */ = {isa = PBXBuildFile; fileRef = 3B2B4530197F7DB100E13D6B /* RefundProcessCell.m */; };
		3B2EB144192250A1008E4048 /* HomeViewController.m in Sources */ = {isa = PBXBuildFile; fileRef = 3B2EB143192250A1008E4048 /* HomeViewController.m */; };
		3B3348CA19B8592E0096F23D /* AlipayRsaLib.a in Frameworks */ = {isa = PBXBuildFile; fileRef = 3B3348AE19B8592E0096F23D /* AlipayRsaLib.a */; };
		3B3348CB19B8592E0096F23D /* Alixpay.bundle in Resources */ = {isa = PBXBuildFile; fileRef = 3B3348B019B8592E0096F23D /* Alixpay.bundle */; };
		3B3348CD19B8592E0096F23D /* AlixPaylib_arc.a in Frameworks */ = {isa = PBXBuildFile; fileRef = 3B3348B219B8592E0096F23D /* AlixPaylib_arc.a */; };
		3B3348CE19B8592E0096F23D /* AlixPayOrder.m in Sources */ = {isa = PBXBuildFile; fileRef = 3B3348B419B8592E0096F23D /* AlixPayOrder.m */; };
		3B3348CF19B8592E0096F23D /* AlixPayResult.m in Sources */ = {isa = PBXBuildFile; fileRef = 3B3348B619B8592E0096F23D /* AlixPayResult.m */; };
		3B3348D019B8592E0096F23D /* NSObject+SBJSON.m in Sources */ = {isa = PBXBuildFile; fileRef = 3B3348BA19B8592E0096F23D /* NSObject+SBJSON.m */; };
		3B3348D119B8592E0096F23D /* NSString+SBJSON.m in Sources */ = {isa = PBXBuildFile; fileRef = 3B3348BC19B8592E0096F23D /* NSString+SBJSON.m */; };
		3B3348D219B8592E0096F23D /* SBJSON.m in Sources */ = {isa = PBXBuildFile; fileRef = 3B3348BE19B8592E0096F23D /* SBJSON.m */; };
		3B3348D319B8592E0096F23D /* SBJsonBase.m in Sources */ = {isa = PBXBuildFile; fileRef = 3B3348C019B8592E0096F23D /* SBJsonBase.m */; };
		3B3348D419B8592E0096F23D /* SBJsonParser.m in Sources */ = {isa = PBXBuildFile; fileRef = 3B3348C219B8592E0096F23D /* SBJsonParser.m */; };
		3B3348D519B8592E0096F23D /* SBJsonWriter.m in Sources */ = {isa = PBXBuildFile; fileRef = 3B3348C419B8592E0096F23D /* SBJsonWriter.m */; };
		3B3348D619B8592E0096F23D /* libcrypto.a in Frameworks */ = {isa = PBXBuildFile; fileRef = 3B3348C519B8592E0096F23D /* libcrypto.a */; };
		3B3348D719B8592E0096F23D /* libssl.a in Frameworks */ = {isa = PBXBuildFile; fileRef = 3B3348C619B8592E0096F23D /* libssl.a */; };
		3B3348DA19B98FE40096F23D /* PaySucessViewController.m in Sources */ = {isa = PBXBuildFile; fileRef = 3B3348D919B98FE40096F23D /* PaySucessViewController.m */; };
		3B399DFE192FADE100A96C18 /* BusinessDetailView.m in Sources */ = {isa = PBXBuildFile; fileRef = 3B399DFC192FADE100A96C18 /* BusinessDetailView.m */; };
		3B399DFF192FADE100A96C18 /* BusinessDetailView.xib in Resources */ = {isa = PBXBuildFile; fileRef = 3B399DFD192FADE100A96C18 /* BusinessDetailView.xib */; };
		3B399E02192FAE3800A96C18 /* BusinessWindow.m in Sources */ = {isa = PBXBuildFile; fileRef = 3B399E01192FAE3800A96C18 /* BusinessWindow.m */; };
		3B452B2D1920FA63008729A9 /* Foundation.framework in Frameworks */ = {isa = PBXBuildFile; fileRef = 3B452B2C1920FA63008729A9 /* Foundation.framework */; };
		3B452B2F1920FA63008729A9 /* CoreGraphics.framework in Frameworks */ = {isa = PBXBuildFile; fileRef = 3B452B2E1920FA63008729A9 /* CoreGraphics.framework */; };
		3B452B311920FA63008729A9 /* UIKit.framework in Frameworks */ = {isa = PBXBuildFile; fileRef = 3B452B301920FA63008729A9 /* UIKit.framework */; };
		3B452B371920FA63008729A9 /* InfoPlist.strings in Resources */ = {isa = PBXBuildFile; fileRef = 3B452B351920FA63008729A9 /* InfoPlist.strings */; };
		3B452B391920FA63008729A9 /* main.m in Sources */ = {isa = PBXBuildFile; fileRef = 3B452B381920FA63008729A9 /* main.m */; };
		3B452B3D1920FA63008729A9 /* AppDelegate.m in Sources */ = {isa = PBXBuildFile; fileRef = 3B452B3C1920FA63008729A9 /* AppDelegate.m */; };
		3B452B401920FA63008729A9 /* Main.storyboard in Resources */ = {isa = PBXBuildFile; fileRef = 3B452B3E1920FA63008729A9 /* Main.storyboard */; };
		3B452B451920FA63008729A9 /* Images.xcassets in Resources */ = {isa = PBXBuildFile; fileRef = 3B452B441920FA63008729A9 /* Images.xcassets */; };
		3B452B4C1920FA63008729A9 /* XCTest.framework in Frameworks */ = {isa = PBXBuildFile; fileRef = 3B452B4B1920FA63008729A9 /* XCTest.framework */; };
		3B452B4D1920FA63008729A9 /* Foundation.framework in Frameworks */ = {isa = PBXBuildFile; fileRef = 3B452B2C1920FA63008729A9 /* Foundation.framework */; };
		3B452B4E1920FA63008729A9 /* UIKit.framework in Frameworks */ = {isa = PBXBuildFile; fileRef = 3B452B301920FA63008729A9 /* UIKit.framework */; };
		3B452B561920FA63008729A9 /* InfoPlist.strings in Resources */ = {isa = PBXBuildFile; fileRef = 3B452B541920FA63008729A9 /* InfoPlist.strings */; };
		3B452B581920FA63008729A9 /* linkerTests.m in Sources */ = {isa = PBXBuildFile; fileRef = 3B452B571920FA63008729A9 /* linkerTests.m */; };
		3B452BED1920FE3E008729A9 /* CoreLocation.framework in Frameworks */ = {isa = PBXBuildFile; fileRef = 3B452BEC1920FE3E008729A9 /* CoreLocation.framework */; };
		3B452BEF1920FE4A008729A9 /* QuartzCore.framework in Frameworks */ = {isa = PBXBuildFile; fileRef = 3B452BEE1920FE4A008729A9 /* QuartzCore.framework */; };
		3B452BF11920FE56008729A9 /* OpenGLES.framework in Frameworks */ = {isa = PBXBuildFile; fileRef = 3B452BF01920FE56008729A9 /* OpenGLES.framework */; };
		3B452BF31920FE64008729A9 /* SystemConfiguration.framework in Frameworks */ = {isa = PBXBuildFile; fileRef = 3B452BF21920FE64008729A9 /* SystemConfiguration.framework */; };
		3B452BF51920FE76008729A9 /* Security.framework in Frameworks */ = {isa = PBXBuildFile; fileRef = 3B452BF41920FE76008729A9 /* Security.framework */; };
		3B5C15F819550EC300F91646 /* RecivedMOKAViewController.m in Sources */ = {isa = PBXBuildFile; fileRef = 3B5C15F719550EC300F91646 /* RecivedMOKAViewController.m */; };
		3B5C15FB19550EE400F91646 /* SendedMOKAViewController.m in Sources */ = {isa = PBXBuildFile; fileRef = 3B5C15FA19550EE400F91646 /* SendedMOKAViewController.m */; };
		3B5C15FE19550F0F00F91646 /* RefundProcessViewController.m in Sources */ = {isa = PBXBuildFile; fileRef = 3B5C15FD19550F0F00F91646 /* RefundProcessViewController.m */; };
		3B5C160119550F2C00F91646 /* ChangePasswordViewController.m in Sources */ = {isa = PBXBuildFile; fileRef = 3B5C160019550F2C00F91646 /* ChangePasswordViewController.m */; };
		3B5C9DF7197E034B0018F194 /* MOKADetailViewController.m in Sources */ = {isa = PBXBuildFile; fileRef = 3B5C9DF6197E034B0018F194 /* MOKADetailViewController.m */; };
		3B5C9DFD197E2AD20018F194 /* UIImage+ImageEffects.m in Sources */ = {isa = PBXBuildFile; fileRef = 3B5C9DFC197E2AD20018F194 /* UIImage+ImageEffects.m */; };
		3B5E83E019B447FA00EC2AA9 /* AddressBook.framework in Frameworks */ = {isa = PBXBuildFile; fileRef = 3B5E83DF19B447FA00EC2AA9 /* AddressBook.framework */; };
		3B765D3419B7178900C901E6 /* libUMessage_Sdk_1.1.0.a in Frameworks */ = {isa = PBXBuildFile; fileRef = 3B765D3219B7178900C901E6 /* libUMessage_Sdk_1.1.0.a */; };
		3B765D3919B71A9B00C901E6 /* libz.dylib in Frameworks */ = {isa = PBXBuildFile; fileRef = 3B765D3519B71A4100C901E6 /* libz.dylib */; };
		3BB4864F19409CC400D3054F /* libbaidumapapi.a in Frameworks */ = {isa = PBXBuildFile; fileRef = 3BB4864C19409CC400D3054F /* libbaidumapapi.a */; };
		3BB4865019409CC400D3054F /* mapapi.bundle in Resources */ = {isa = PBXBuildFile; fileRef = 3BB4864D19409CC400D3054F /* mapapi.bundle */; };
		3BB4865119409CC400D3054F /* readme.txt in Resources */ = {isa = PBXBuildFile; fileRef = 3BB4864E19409CC400D3054F /* readme.txt */; };
		3BB486541940A73F00D3054F /* PersonalCenterViewController.m in Sources */ = {isa = PBXBuildFile; fileRef = 3BB486531940A73F00D3054F /* PersonalCenterViewController.m */; };
		3BB486571940A79300D3054F /* UIImage+UIColor.m in Sources */ = {isa = PBXBuildFile; fileRef = 3BB486561940A79300D3054F /* UIImage+UIColor.m */; };
		3BB4865A1940AFBA00D3054F /* PersonalCenterTableViewController.m in Sources */ = {isa = PBXBuildFile; fileRef = 3BB486591940AFBA00D3054F /* PersonalCenterTableViewController.m */; };
		3BB4865D1940B80200D3054F /* LoginViewController.m in Sources */ = {isa = PBXBuildFile; fileRef = 3BB4865C1940B80200D3054F /* LoginViewController.m */; };
		3BB486601940B9A000D3054F /* RegisterViewController.m in Sources */ = {isa = PBXBuildFile; fileRef = 3BB4865F1940B9A000D3054F /* RegisterViewController.m */; };
		3BB486631940BBB500D3054F /* ForgotPasswordViewController.m in Sources */ = {isa = PBXBuildFile; fileRef = 3BB486621940BBB500D3054F /* ForgotPasswordViewController.m */; };
		3BB6637C19376E050093C33F /* BusinessViewDetailView.xib in Resources */ = {isa = PBXBuildFile; fileRef = 3BB6637B19376E050093C33F /* BusinessViewDetailView.xib */; };
		3BB6637F19376E3B0093C33F /* EmptySegue.m in Sources */ = {isa = PBXBuildFile; fileRef = 3BB6637E19376E3B0093C33F /* EmptySegue.m */; };
		3BB6638219376E4F0093C33F /* BusinessViewDetailView.m in Sources */ = {isa = PBXBuildFile; fileRef = 3BB6638119376E4F0093C33F /* BusinessViewDetailView.m */; };
		3BC7D84F1931DA6700AD5FB6 /* home_data.plist in Resources */ = {isa = PBXBuildFile; fileRef = 3BC7D84E1931DA6700AD5FB6 /* home_data.plist */; };
		3BC7D85219321A0800AD5FB6 /* ChooseCityViewController.mm in Sources */ = {isa = PBXBuildFile; fileRef = 3BC7D85119321A0800AD5FB6 /* ChooseCityViewController.mm */; };
		3BC7D85419322B3900AD5FB6 /* business_data.plist in Resources */ = {isa = PBXBuildFile; fileRef = 3BC7D85319322B3900AD5FB6 /* business_data.plist */; };
		3BC7D856193230F500AD5FB6 /* BusinessView.xib in Resources */ = {isa = PBXBuildFile; fileRef = 3BC7D855193230F500AD5FB6 /* BusinessView.xib */; };
		3BC7D8591932310500AD5FB6 /* BusinessView.m in Sources */ = {isa = PBXBuildFile; fileRef = 3BC7D8581932310500AD5FB6 /* BusinessView.m */; };
		3BDC51EE1927895700AC355F /* BusinessesViewController.m in Sources */ = {isa = PBXBuildFile; fileRef = 3BDC51ED1927895700AC355F /* BusinessesViewController.m */; };
		3BDC51F21927A19A00AC355F /* UIView+Origami.m in Sources */ = {isa = PBXBuildFile; fileRef = 3BDC51F11927A19A00AC355F /* UIView+Origami.m */; };
		3BFB63AC1941F52A0087AC36 /* AccountAndLocationManager.m in Sources */ = {isa = PBXBuildFile; fileRef = 3BFB63AB1941F52A0087AC36 /* AccountAndLocationManager.m */; };
		6E05481719382AEC002F021D /* BusinessDetailViewTopContainer.xib in Resources */ = {isa = PBXBuildFile; fileRef = 6E05481619382AEC002F021D /* BusinessDetailViewTopContainer.xib */; };
		6E05481A19382B04002F021D /* BusinessDetailViewTopContainer.m in Sources */ = {isa = PBXBuildFile; fileRef = 6E05481919382B04002F021D /* BusinessDetailViewTopContainer.m */; };
/* End PBXBuildFile section */

/* Begin PBXContainerItemProxy section */
		3B452B4F1920FA63008729A9 /* PBXContainerItemProxy */ = {
			isa = PBXContainerItemProxy;
			containerPortal = 3B452B211920FA63008729A9 /* Project object */;
			proxyType = 1;
			remoteGlobalIDString = 3B452B281920FA63008729A9;
			remoteInfo = linker;
		};
/* End PBXContainerItemProxy section */

/* Begin PBXFileReference section */
		0217D9B719A1F45D004ECC77 /* libsqlite3.0.dylib */ = {isa = PBXFileReference; lastKnownFileType = "compiled.mach-o.dylib"; name = libsqlite3.0.dylib; path = usr/lib/libsqlite3.0.dylib; sourceTree = SDKROOT; };
		021DB883196041CA0061D297 /* PersonalCenterContainerWindow.h */ = {isa = PBXFileReference; fileEncoding = 4; lastKnownFileType = sourcecode.c.h; path = PersonalCenterContainerWindow.h; sourceTree = "<group>"; };
		021DB884196041CA0061D297 /* PersonalCenterContainerWindow.m */ = {isa = PBXFileReference; fileEncoding = 4; lastKnownFileType = sourcecode.c.objc; path = PersonalCenterContainerWindow.m; sourceTree = "<group>"; };
		021DB88619604A5C0061D297 /* CallWindowBackViewController.h */ = {isa = PBXFileReference; fileEncoding = 4; lastKnownFileType = sourcecode.c.h; path = CallWindowBackViewController.h; sourceTree = "<group>"; };
		021DB88719604A5C0061D297 /* CallWindowBackViewController.m */ = {isa = PBXFileReference; fileEncoding = 4; lastKnownFileType = sourcecode.c.objc; path = CallWindowBackViewController.m; sourceTree = "<group>"; };
		021DB889196058730061D297 /* LightStateBarNavigationController.h */ = {isa = PBXFileReference; fileEncoding = 4; lastKnownFileType = sourcecode.c.h; path = LightStateBarNavigationController.h; sourceTree = "<group>"; };
		021DB88A196058730061D297 /* LightStateBarNavigationController.m */ = {isa = PBXFileReference; fileEncoding = 4; lastKnownFileType = sourcecode.c.objc; path = LightStateBarNavigationController.m; sourceTree = "<group>"; };
		024335F719C441DB00B3E056 /* BusinessView_35.xib */ = {isa = PBXFileReference; fileEncoding = 4; lastKnownFileType = file.xib; path = BusinessView_35.xib; sourceTree = "<group>"; };
		024335F919C44ED600B3E056 /* BusinessViewDetailView_35.xib */ = {isa = PBXFileReference; fileEncoding = 4; lastKnownFileType = file.xib; path = BusinessViewDetailView_35.xib; sourceTree = "<group>"; };
		024335FB19C4606B00B3E056 /* MOKADetailView_35.xib */ = {isa = PBXFileReference; fileEncoding = 4; lastKnownFileType = file.xib; path = MOKADetailView_35.xib; sourceTree = "<group>"; };
		02793BA1197D6D0200B2AC39 /* RecivedMOKACell.h */ = {isa = PBXFileReference; fileEncoding = 4; lastKnownFileType = sourcecode.c.h; path = RecivedMOKACell.h; sourceTree = "<group>"; };
		02793BA2197D6D0200B2AC39 /* RecivedMOKACell.m */ = {isa = PBXFileReference; fileEncoding = 4; lastKnownFileType = sourcecode.c.objc; path = RecivedMOKACell.m; sourceTree = "<group>"; };
		02793BA4197D6D1C00B2AC39 /* RecivedMOKACell.xib */ = {isa = PBXFileReference; fileEncoding = 4; lastKnownFileType = file.xib; path = RecivedMOKACell.xib; sourceTree = "<group>"; };
		02793BA6197D6E9000B2AC39 /* CustomLayout.h */ = {isa = PBXFileReference; fileEncoding = 4; lastKnownFileType = sourcecode.c.h; path = CustomLayout.h; sourceTree = "<group>"; };
		02793BA7197D6E9000B2AC39 /* CustomLayout.m */ = {isa = PBXFileReference; fileEncoding = 4; lastKnownFileType = sourcecode.c.objc; path = CustomLayout.m; sourceTree = "<group>"; };
		02AFB9A51987DA07005BB260 /* MCategory.h */ = {isa = PBXFileReference; fileEncoding = 4; lastKnownFileType = sourcecode.c.h; path = MCategory.h; sourceTree = "<group>"; };
		02AFB9A61987DA07005BB260 /* MCategory.m */ = {isa = PBXFileReference; fileEncoding = 4; lastKnownFileType = sourcecode.c.objc; path = MCategory.m; sourceTree = "<group>"; };
		02AFB9A81987DA08005BB260 /* MCity.h */ = {isa = PBXFileReference; fileEncoding = 4; lastKnownFileType = sourcecode.c.h; path = MCity.h; sourceTree = "<group>"; };
		02AFB9A91987DA08005BB260 /* MCity.m */ = {isa = PBXFileReference; fileEncoding = 4; lastKnownFileType = sourcecode.c.objc; path = MCity.m; sourceTree = "<group>"; };
		02AFC78D19C55DE300BDCDDC /* ChooseContactViewController.h */ = {isa = PBXFileReference; fileEncoding = 4; lastKnownFileType = sourcecode.c.h; path = ChooseContactViewController.h; sourceTree = "<group>"; };
		02AFC78E19C55DE300BDCDDC /* ChooseContactViewController.m */ = {isa = PBXFileReference; fileEncoding = 4; lastKnownFileType = sourcecode.c.objc; path = ChooseContactViewController.m; sourceTree = "<group>"; };
		02AFC79019C562E200BDCDDC /* ChooseContactCell.h */ = {isa = PBXFileReference; fileEncoding = 4; lastKnownFileType = sourcecode.c.h; path = ChooseContactCell.h; sourceTree = "<group>"; };
		02AFC79119C562E200BDCDDC /* ChooseContactCell.m */ = {isa = PBXFileReference; fileEncoding = 4; lastKnownFileType = sourcecode.c.objc; path = ChooseContactCell.m; sourceTree = "<group>"; };
		02B5DBED19B2EA3400E79109 /* MMoka.h */ = {isa = PBXFileReference; fileEncoding = 4; lastKnownFileType = sourcecode.c.h; path = MMoka.h; sourceTree = "<group>"; };
		02B5DBEE19B2EA3400E79109 /* MMoka.m */ = {isa = PBXFileReference; fileEncoding = 4; lastKnownFileType = sourcecode.c.objc; path = MMoka.m; sourceTree = "<group>"; };
		02B98FB9198640480034722A /* MOKAURLs.h */ = {isa = PBXFileReference; lastKnownFileType = sourcecode.c.h; path = MOKAURLs.h; sourceTree = "<group>"; };
		02F62A66199F88B7006FD8A9 /* DataBaseManager.h */ = {isa = PBXFileReference; fileEncoding = 4; lastKnownFileType = sourcecode.c.h; path = DataBaseManager.h; sourceTree = "<group>"; };
		02F62A67199F88B7006FD8A9 /* DataBaseManager.m */ = {isa = PBXFileReference; fileEncoding = 4; lastKnownFileType = sourcecode.c.objc; path = DataBaseManager.m; sourceTree = "<group>"; };
		02F62A6A199F8A29006FD8A9 /* Models.h */ = {isa = PBXFileReference; fileEncoding = 4; lastKnownFileType = sourcecode.c.h; path = Models.h; sourceTree = "<group>"; };
		02F62A6B199F8A4B006FD8A9 /* MOKASQL.h */ = {isa = PBXFileReference; fileEncoding = 4; lastKnownFileType = sourcecode.c.h; path = MOKASQL.h; sourceTree = "<group>"; };
		3B085770197CE36E000AAEE8 /* BlackStateBarNavigationController.h */ = {isa = PBXFileReference; fileEncoding = 4; lastKnownFileType = sourcecode.c.h; path = BlackStateBarNavigationController.h; sourceTree = "<group>"; };
		3B085771197CE36E000AAEE8 /* BlackStateBarNavigationController.m */ = {isa = PBXFileReference; fileEncoding = 4; lastKnownFileType = sourcecode.c.objc; path = BlackStateBarNavigationController.m; sourceTree = "<group>"; };
		3B085773197D1DDF000AAEE8 /* BusinessDetailViewTopContainerCell.h */ = {isa = PBXFileReference; fileEncoding = 4; lastKnownFileType = sourcecode.c.h; path = BusinessDetailViewTopContainerCell.h; sourceTree = "<group>"; };
		3B085774197D1DDF000AAEE8 /* BusinessDetailViewTopContainerCell.m */ = {isa = PBXFileReference; fileEncoding = 4; lastKnownFileType = sourcecode.c.objc; path = BusinessDetailViewTopContainerCell.m; sourceTree = "<group>"; };
		3B085775197D1DDF000AAEE8 /* BusinessDetailViewTopContainerCell.xib */ = {isa = PBXFileReference; fileEncoding = 4; lastKnownFileType = file.xib; path = BusinessDetailViewTopContainerCell.xib; sourceTree = "<group>"; };
		3B119C8719570A4A00077226 /* MOKADetailView.xib */ = {isa = PBXFileReference; fileEncoding = 4; lastKnownFileType = file.xib; path = MOKADetailView.xib; sourceTree = "<group>"; };
		3B119C8919570A6300077226 /* MOKADetailView.h */ = {isa = PBXFileReference; fileEncoding = 4; lastKnownFileType = sourcecode.c.h; path = MOKADetailView.h; sourceTree = "<group>"; };
		3B119C8A19570A6300077226 /* MOKADetailView.m */ = {isa = PBXFileReference; fileEncoding = 4; lastKnownFileType = sourcecode.c.objc; path = MOKADetailView.m; sourceTree = "<group>"; };
		3B119C8C1957256C00077226 /* MOKADetailMessageViewController.h */ = {isa = PBXFileReference; fileEncoding = 4; lastKnownFileType = sourcecode.c.h; path = MOKADetailMessageViewController.h; sourceTree = "<group>"; };
		3B119C8D1957256C00077226 /* MOKADetailMessageViewController.m */ = {isa = PBXFileReference; fileEncoding = 4; lastKnownFileType = sourcecode.c.objc; path = MOKADetailMessageViewController.m; sourceTree = "<group>"; };
		3B149C54192E2EB600271741 /* BusinessDetailViewController.h */ = {isa = PBXFileReference; fileEncoding = 4; lastKnownFileType = sourcecode.c.h; path = BusinessDetailViewController.h; sourceTree = "<group>"; };
		3B149C55192E2EB600271741 /* BusinessDetailViewController.m */ = {isa = PBXFileReference; fileEncoding = 4; lastKnownFileType = sourcecode.c.objc; path = BusinessDetailViewController.m; sourceTree = "<group>"; };
		3B22AA4219ADB22200C13A32 /* MMerchant.h */ = {isa = PBXFileReference; fileEncoding = 4; lastKnownFileType = sourcecode.c.h; path = MMerchant.h; sourceTree = "<group>"; };
		3B22AA4319ADB22200C13A32 /* MMerchant.m */ = {isa = PBXFileReference; fileEncoding = 4; lastKnownFileType = sourcecode.c.objc; path = MMerchant.m; sourceTree = "<group>"; };
		3B22AA4519ADD7F200C13A32 /* MMerchantDetail.h */ = {isa = PBXFileReference; fileEncoding = 4; lastKnownFileType = sourcecode.c.h; path = MMerchantDetail.h; sourceTree = "<group>"; };
		3B22AA4619ADD7F200C13A32 /* MMerchantDetail.m */ = {isa = PBXFileReference; fileEncoding = 4; lastKnownFileType = sourcecode.c.objc; path = MMerchantDetail.m; sourceTree = "<group>"; };
		3B2640B31935B43000F88024 /* UIButton+Block.h */ = {isa = PBXFileReference; fileEncoding = 4; lastKnownFileType = sourcecode.c.h; path = "UIButton+Block.h"; sourceTree = "<group>"; };
		3B2640B41935B43000F88024 /* UIButton+Block.m */ = {isa = PBXFileReference; fileEncoding = 4; lastKnownFileType = sourcecode.c.objc; path = "UIButton+Block.m"; sourceTree = "<group>"; };
		3B2640B51935B43000F88024 /* UIView+TopRadius.h */ = {isa = PBXFileReference; fileEncoding = 4; lastKnownFileType = sourcecode.c.h; path = "UIView+TopRadius.h"; sourceTree = "<group>"; };
		3B2640B61935B43000F88024 /* UIView+TopRadius.m */ = {isa = PBXFileReference; fileEncoding = 4; lastKnownFileType = sourcecode.c.objc; path = "UIView+TopRadius.m"; sourceTree = "<group>"; };
		3B2640B91935B44A00F88024 /* Utils.h */ = {isa = PBXFileReference; lastKnownFileType = sourcecode.c.h; path = Utils.h; sourceTree = "<group>"; };
		3B29EBFE19420B97006054A1 /* Reachability.h */ = {isa = PBXFileReference; fileEncoding = 4; lastKnownFileType = sourcecode.c.h; path = Reachability.h; sourceTree = "<group>"; };
		3B29EBFF19420B97006054A1 /* Reachability.m */ = {isa = PBXFileReference; fileEncoding = 4; lastKnownFileType = sourcecode.c.objc; path = Reachability.m; sourceTree = "<group>"; };
		3B2B452F197F7DB100E13D6B /* RefundProcessCell.h */ = {isa = PBXFileReference; fileEncoding = 4; lastKnownFileType = sourcecode.c.h; path = RefundProcessCell.h; sourceTree = "<group>"; };
		3B2B4530197F7DB100E13D6B /* RefundProcessCell.m */ = {isa = PBXFileReference; fileEncoding = 4; lastKnownFileType = sourcecode.c.objc; path = RefundProcessCell.m; sourceTree = "<group>"; };
		3B2EB142192250A1008E4048 /* HomeViewController.h */ = {isa = PBXFileReference; fileEncoding = 4; lastKnownFileType = sourcecode.c.h; path = HomeViewController.h; sourceTree = "<group>"; };
		3B2EB143192250A1008E4048 /* HomeViewController.m */ = {isa = PBXFileReference; fileEncoding = 4; lastKnownFileType = sourcecode.c.objc; path = HomeViewController.m; sourceTree = "<group>"; };
		3B3348AC19B856F30096F23D /* PartnerConfig.h */ = {isa = PBXFileReference; fileEncoding = 4; lastKnownFileType = sourcecode.c.h; path = PartnerConfig.h; sourceTree = "<group>"; };
		3B3348AE19B8592E0096F23D /* AlipayRsaLib.a */ = {isa = PBXFileReference; lastKnownFileType = archive.ar; path = AlipayRsaLib.a; sourceTree = "<group>"; };
		3B3348AF19B8592E0096F23D /* AlixLibService.h */ = {isa = PBXFileReference; fileEncoding = 4; lastKnownFileType = sourcecode.c.h; path = AlixLibService.h; sourceTree = "<group>"; };
		3B3348B019B8592E0096F23D /* Alixpay.bundle */ = {isa = PBXFileReference; lastKnownFileType = "wrapper.plug-in"; path = Alixpay.bundle; sourceTree = "<group>"; };
		3B3348B219B8592E0096F23D /* AlixPaylib_arc.a */ = {isa = PBXFileReference; lastKnownFileType = archive.ar; path = AlixPaylib_arc.a; sourceTree = "<group>"; };
		3B3348B319B8592E0096F23D /* AlixPayOrder.h */ = {isa = PBXFileReference; fileEncoding = 4; lastKnownFileType = sourcecode.c.h; path = AlixPayOrder.h; sourceTree = "<group>"; };
		3B3348B419B8592E0096F23D /* AlixPayOrder.m */ = {isa = PBXFileReference; fileEncoding = 4; lastKnownFileType = sourcecode.c.objc; path = AlixPayOrder.m; sourceTree = "<group>"; };
		3B3348B519B8592E0096F23D /* AlixPayResult.h */ = {isa = PBXFileReference; fileEncoding = 4; lastKnownFileType = sourcecode.c.h; path = AlixPayResult.h; sourceTree = "<group>"; };
		3B3348B619B8592E0096F23D /* AlixPayResult.m */ = {isa = PBXFileReference; fileEncoding = 4; lastKnownFileType = sourcecode.c.objc; path = AlixPayResult.m; sourceTree = "<group>"; };
		3B3348B819B8592E0096F23D /* JSON.h */ = {isa = PBXFileReference; fileEncoding = 4; lastKnownFileType = sourcecode.c.h; path = JSON.h; sourceTree = "<group>"; };
		3B3348B919B8592E0096F23D /* NSObject+SBJSON.h */ = {isa = PBXFileReference; fileEncoding = 4; lastKnownFileType = sourcecode.c.h; path = "NSObject+SBJSON.h"; sourceTree = "<group>"; };
		3B3348BA19B8592E0096F23D /* NSObject+SBJSON.m */ = {isa = PBXFileReference; fileEncoding = 4; lastKnownFileType = sourcecode.c.objc; path = "NSObject+SBJSON.m"; sourceTree = "<group>"; };
		3B3348BB19B8592E0096F23D /* NSString+SBJSON.h */ = {isa = PBXFileReference; fileEncoding = 4; lastKnownFileType = sourcecode.c.h; path = "NSString+SBJSON.h"; sourceTree = "<group>"; };
		3B3348BC19B8592E0096F23D /* NSString+SBJSON.m */ = {isa = PBXFileReference; fileEncoding = 4; lastKnownFileType = sourcecode.c.objc; path = "NSString+SBJSON.m"; sourceTree = "<group>"; };
		3B3348BD19B8592E0096F23D /* SBJSON.h */ = {isa = PBXFileReference; fileEncoding = 4; lastKnownFileType = sourcecode.c.h; path = SBJSON.h; sourceTree = "<group>"; };
		3B3348BE19B8592E0096F23D /* SBJSON.m */ = {isa = PBXFileReference; fileEncoding = 4; lastKnownFileType = sourcecode.c.objc; path = SBJSON.m; sourceTree = "<group>"; };
		3B3348BF19B8592E0096F23D /* SBJsonBase.h */ = {isa = PBXFileReference; fileEncoding = 4; lastKnownFileType = sourcecode.c.h; path = SBJsonBase.h; sourceTree = "<group>"; };
		3B3348C019B8592E0096F23D /* SBJsonBase.m */ = {isa = PBXFileReference; fileEncoding = 4; lastKnownFileType = sourcecode.c.objc; path = SBJsonBase.m; sourceTree = "<group>"; };
		3B3348C119B8592E0096F23D /* SBJsonParser.h */ = {isa = PBXFileReference; fileEncoding = 4; lastKnownFileType = sourcecode.c.h; path = SBJsonParser.h; sourceTree = "<group>"; };
		3B3348C219B8592E0096F23D /* SBJsonParser.m */ = {isa = PBXFileReference; fileEncoding = 4; lastKnownFileType = sourcecode.c.objc; path = SBJsonParser.m; sourceTree = "<group>"; };
		3B3348C319B8592E0096F23D /* SBJsonWriter.h */ = {isa = PBXFileReference; fileEncoding = 4; lastKnownFileType = sourcecode.c.h; path = SBJsonWriter.h; sourceTree = "<group>"; };
		3B3348C419B8592E0096F23D /* SBJsonWriter.m */ = {isa = PBXFileReference; fileEncoding = 4; lastKnownFileType = sourcecode.c.objc; path = SBJsonWriter.m; sourceTree = "<group>"; };
		3B3348C519B8592E0096F23D /* libcrypto.a */ = {isa = PBXFileReference; lastKnownFileType = archive.ar; path = libcrypto.a; sourceTree = "<group>"; };
		3B3348C619B8592E0096F23D /* libssl.a */ = {isa = PBXFileReference; lastKnownFileType = archive.ar; path = libssl.a; sourceTree = "<group>"; };
		3B3348C819B8592E0096F23D /* DataSigner.h */ = {isa = PBXFileReference; fileEncoding = 4; lastKnownFileType = sourcecode.c.h; path = DataSigner.h; sourceTree = "<group>"; };
		3B3348C919B8592E0096F23D /* DataVerifier.h */ = {isa = PBXFileReference; fileEncoding = 4; lastKnownFileType = sourcecode.c.h; path = DataVerifier.h; sourceTree = "<group>"; };
		3B3348D819B98FE40096F23D /* PaySucessViewController.h */ = {isa = PBXFileReference; fileEncoding = 4; lastKnownFileType = sourcecode.c.h; path = PaySucessViewController.h; sourceTree = "<group>"; };
		3B3348D919B98FE40096F23D /* PaySucessViewController.m */ = {isa = PBXFileReference; fileEncoding = 4; lastKnownFileType = sourcecode.c.objc; path = PaySucessViewController.m; sourceTree = "<group>"; };
		3B399DFB192FADE100A96C18 /* BusinessDetailView.h */ = {isa = PBXFileReference; fileEncoding = 4; lastKnownFileType = sourcecode.c.h; path = BusinessDetailView.h; sourceTree = "<group>"; };
		3B399DFC192FADE100A96C18 /* BusinessDetailView.m */ = {isa = PBXFileReference; fileEncoding = 4; lastKnownFileType = sourcecode.c.objc; path = BusinessDetailView.m; sourceTree = "<group>"; };
		3B399DFD192FADE100A96C18 /* BusinessDetailView.xib */ = {isa = PBXFileReference; fileEncoding = 4; lastKnownFileType = file.xib; path = BusinessDetailView.xib; sourceTree = "<group>"; };
		3B399E00192FAE3800A96C18 /* BusinessWindow.h */ = {isa = PBXFileReference; fileEncoding = 4; lastKnownFileType = sourcecode.c.h; path = BusinessWindow.h; sourceTree = "<group>"; };
		3B399E01192FAE3800A96C18 /* BusinessWindow.m */ = {isa = PBXFileReference; fileEncoding = 4; lastKnownFileType = sourcecode.c.objc; path = BusinessWindow.m; sourceTree = "<group>"; };
		3B452B291920FA63008729A9 /* linker.app */ = {isa = PBXFileReference; explicitFileType = wrapper.application; includeInIndex = 0; path = linker.app; sourceTree = BUILT_PRODUCTS_DIR; };
		3B452B2C1920FA63008729A9 /* Foundation.framework */ = {isa = PBXFileReference; lastKnownFileType = wrapper.framework; name = Foundation.framework; path = System/Library/Frameworks/Foundation.framework; sourceTree = SDKROOT; };
		3B452B2E1920FA63008729A9 /* CoreGraphics.framework */ = {isa = PBXFileReference; lastKnownFileType = wrapper.framework; name = CoreGraphics.framework; path = System/Library/Frameworks/CoreGraphics.framework; sourceTree = SDKROOT; };
		3B452B301920FA63008729A9 /* UIKit.framework */ = {isa = PBXFileReference; lastKnownFileType = wrapper.framework; name = UIKit.framework; path = System/Library/Frameworks/UIKit.framework; sourceTree = SDKROOT; };
		3B452B341920FA63008729A9 /* linker-Info.plist */ = {isa = PBXFileReference; lastKnownFileType = text.plist.xml; path = "linker-Info.plist"; sourceTree = "<group>"; };
		3B452B361920FA63008729A9 /* en */ = {isa = PBXFileReference; lastKnownFileType = text.plist.strings; name = en; path = en.lproj/InfoPlist.strings; sourceTree = "<group>"; };
		3B452B381920FA63008729A9 /* main.m */ = {isa = PBXFileReference; lastKnownFileType = sourcecode.c.objc; path = main.m; sourceTree = "<group>"; };
		3B452B3A1920FA63008729A9 /* linker-Prefix.pch */ = {isa = PBXFileReference; lastKnownFileType = sourcecode.c.h; path = "linker-Prefix.pch"; sourceTree = "<group>"; };
		3B452B3B1920FA63008729A9 /* AppDelegate.h */ = {isa = PBXFileReference; lastKnownFileType = sourcecode.c.h; path = AppDelegate.h; sourceTree = "<group>"; };
		3B452B3C1920FA63008729A9 /* AppDelegate.m */ = {isa = PBXFileReference; lastKnownFileType = sourcecode.c.objc; path = AppDelegate.m; sourceTree = "<group>"; };
		3B452B3F1920FA63008729A9 /* Base */ = {isa = PBXFileReference; lastKnownFileType = file.storyboard; name = Base; path = Base.lproj/Main.storyboard; sourceTree = "<group>"; };
		3B452B441920FA63008729A9 /* Images.xcassets */ = {isa = PBXFileReference; lastKnownFileType = folder.assetcatalog; path = Images.xcassets; sourceTree = "<group>"; };
		3B452B4A1920FA63008729A9 /* linkerTests.xctest */ = {isa = PBXFileReference; explicitFileType = wrapper.cfbundle; includeInIndex = 0; path = linkerTests.xctest; sourceTree = BUILT_PRODUCTS_DIR; };
		3B452B4B1920FA63008729A9 /* XCTest.framework */ = {isa = PBXFileReference; lastKnownFileType = wrapper.framework; name = XCTest.framework; path = Library/Frameworks/XCTest.framework; sourceTree = DEVELOPER_DIR; };
		3B452B531920FA63008729A9 /* linkerTests-Info.plist */ = {isa = PBXFileReference; lastKnownFileType = text.plist.xml; path = "linkerTests-Info.plist"; sourceTree = "<group>"; };
		3B452B551920FA63008729A9 /* en */ = {isa = PBXFileReference; lastKnownFileType = text.plist.strings; name = en; path = en.lproj/InfoPlist.strings; sourceTree = "<group>"; };
		3B452B571920FA63008729A9 /* linkerTests.m */ = {isa = PBXFileReference; lastKnownFileType = sourcecode.c.objc; path = linkerTests.m; sourceTree = "<group>"; };
		3B452BEC1920FE3E008729A9 /* CoreLocation.framework */ = {isa = PBXFileReference; lastKnownFileType = wrapper.framework; name = CoreLocation.framework; path = System/Library/Frameworks/CoreLocation.framework; sourceTree = SDKROOT; };
		3B452BEE1920FE4A008729A9 /* QuartzCore.framework */ = {isa = PBXFileReference; lastKnownFileType = wrapper.framework; name = QuartzCore.framework; path = System/Library/Frameworks/QuartzCore.framework; sourceTree = SDKROOT; };
		3B452BF01920FE56008729A9 /* OpenGLES.framework */ = {isa = PBXFileReference; lastKnownFileType = wrapper.framework; name = OpenGLES.framework; path = System/Library/Frameworks/OpenGLES.framework; sourceTree = SDKROOT; };
		3B452BF21920FE64008729A9 /* SystemConfiguration.framework */ = {isa = PBXFileReference; lastKnownFileType = wrapper.framework; name = SystemConfiguration.framework; path = System/Library/Frameworks/SystemConfiguration.framework; sourceTree = SDKROOT; };
		3B452BF41920FE76008729A9 /* Security.framework */ = {isa = PBXFileReference; lastKnownFileType = wrapper.framework; name = Security.framework; path = System/Library/Frameworks/Security.framework; sourceTree = SDKROOT; };
		3B5C15F619550EC300F91646 /* RecivedMOKAViewController.h */ = {isa = PBXFileReference; fileEncoding = 4; lastKnownFileType = sourcecode.c.h; path = RecivedMOKAViewController.h; sourceTree = "<group>"; };
		3B5C15F719550EC300F91646 /* RecivedMOKAViewController.m */ = {isa = PBXFileReference; fileEncoding = 4; lastKnownFileType = sourcecode.c.objc; path = RecivedMOKAViewController.m; sourceTree = "<group>"; };
		3B5C15F919550EE400F91646 /* SendedMOKAViewController.h */ = {isa = PBXFileReference; fileEncoding = 4; lastKnownFileType = sourcecode.c.h; path = SendedMOKAViewController.h; sourceTree = "<group>"; };
		3B5C15FA19550EE400F91646 /* SendedMOKAViewController.m */ = {isa = PBXFileReference; fileEncoding = 4; lastKnownFileType = sourcecode.c.objc; path = SendedMOKAViewController.m; sourceTree = "<group>"; };
		3B5C15FC19550F0F00F91646 /* RefundProcessViewController.h */ = {isa = PBXFileReference; fileEncoding = 4; lastKnownFileType = sourcecode.c.h; path = RefundProcessViewController.h; sourceTree = "<group>"; };
		3B5C15FD19550F0F00F91646 /* RefundProcessViewController.m */ = {isa = PBXFileReference; fileEncoding = 4; lastKnownFileType = sourcecode.c.objc; path = RefundProcessViewController.m; sourceTree = "<group>"; };
		3B5C15FF19550F2C00F91646 /* ChangePasswordViewController.h */ = {isa = PBXFileReference; fileEncoding = 4; lastKnownFileType = sourcecode.c.h; path = ChangePasswordViewController.h; sourceTree = "<group>"; };
		3B5C160019550F2C00F91646 /* ChangePasswordViewController.m */ = {isa = PBXFileReference; fileEncoding = 4; lastKnownFileType = sourcecode.c.objc; path = ChangePasswordViewController.m; sourceTree = "<group>"; };
		3B5C9DF5197E034B0018F194 /* MOKADetailViewController.h */ = {isa = PBXFileReference; fileEncoding = 4; lastKnownFileType = sourcecode.c.h; path = MOKADetailViewController.h; sourceTree = "<group>"; };
		3B5C9DF6197E034B0018F194 /* MOKADetailViewController.m */ = {isa = PBXFileReference; fileEncoding = 4; lastKnownFileType = sourcecode.c.objc; path = MOKADetailViewController.m; sourceTree = "<group>"; };
		3B5C9DFB197E2AD20018F194 /* UIImage+ImageEffects.h */ = {isa = PBXFileReference; fileEncoding = 4; lastKnownFileType = sourcecode.c.h; path = "UIImage+ImageEffects.h"; sourceTree = "<group>"; };
		3B5C9DFC197E2AD20018F194 /* UIImage+ImageEffects.m */ = {isa = PBXFileReference; fileEncoding = 4; lastKnownFileType = sourcecode.c.objc; path = "UIImage+ImageEffects.m"; sourceTree = "<group>"; };
		3B5E83DF19B447FA00EC2AA9 /* AddressBook.framework */ = {isa = PBXFileReference; lastKnownFileType = wrapper.framework; name = AddressBook.framework; path = System/Library/Frameworks/AddressBook.framework; sourceTree = SDKROOT; };
		3B765D3219B7178900C901E6 /* libUMessage_Sdk_1.1.0.a */ = {isa = PBXFileReference; lastKnownFileType = archive.ar; path = libUMessage_Sdk_1.1.0.a; sourceTree = "<group>"; };
		3B765D3319B7178900C901E6 /* UMessage.h */ = {isa = PBXFileReference; fileEncoding = 4; lastKnownFileType = sourcecode.c.h; path = UMessage.h; sourceTree = "<group>"; };
		3B765D3519B71A4100C901E6 /* libz.dylib */ = {isa = PBXFileReference; lastKnownFileType = "compiled.mach-o.dylib"; name = libz.dylib; path = usr/lib/libz.dylib; sourceTree = SDKROOT; };
		3B765D3719B71A6100C901E6 /* libz.1.2.5.dylib */ = {isa = PBXFileReference; lastKnownFileType = "compiled.mach-o.dylib"; name = libz.1.2.5.dylib; path = usr/lib/libz.1.2.5.dylib; sourceTree = SDKROOT; };
		3BB4861119409CC400D3054F /* BMapKit.h */ = {isa = PBXFileReference; fileEncoding = 4; lastKnownFileType = sourcecode.c.h; path = BMapKit.h; sourceTree = "<group>"; };
		3BB4861219409CC400D3054F /* BMKActionPaopaoView.h */ = {isa = PBXFileReference; fileEncoding = 4; lastKnownFileType = sourcecode.c.h; path = BMKActionPaopaoView.h; sourceTree = "<group>"; };
		3BB4861319409CC400D3054F /* BMKAnnotation.h */ = {isa = PBXFileReference; fileEncoding = 4; lastKnownFileType = sourcecode.c.h; path = BMKAnnotation.h; sourceTree = "<group>"; };
		3BB4861419409CC400D3054F /* BMKAnnotationView.h */ = {isa = PBXFileReference; fileEncoding = 4; lastKnownFileType = sourcecode.c.h; path = BMKAnnotationView.h; sourceTree = "<group>"; };
		3BB4861519409CC400D3054F /* BMKArcline.h */ = {isa = PBXFileReference; fileEncoding = 4; lastKnownFileType = sourcecode.c.h; path = BMKArcline.h; sourceTree = "<group>"; };
		3BB4861619409CC400D3054F /* BMKArclineView.h */ = {isa = PBXFileReference; fileEncoding = 4; lastKnownFileType = sourcecode.c.h; path = BMKArclineView.h; sourceTree = "<group>"; };
		3BB4861719409CC400D3054F /* BMKBaseComponent.h */ = {isa = PBXFileReference; fileEncoding = 4; lastKnownFileType = sourcecode.c.h; path = BMKBaseComponent.h; sourceTree = "<group>"; };
		3BB4861819409CC400D3054F /* BMKBusLineSearch.h */ = {isa = PBXFileReference; fileEncoding = 4; lastKnownFileType = sourcecode.c.h; path = BMKBusLineSearch.h; sourceTree = "<group>"; };
		3BB4861919409CC400D3054F /* BMKBusLineSearchOption.h */ = {isa = PBXFileReference; fileEncoding = 4; lastKnownFileType = sourcecode.c.h; path = BMKBusLineSearchOption.h; sourceTree = "<group>"; };
		3BB4861A19409CC400D3054F /* BMKCircle.h */ = {isa = PBXFileReference; fileEncoding = 4; lastKnownFileType = sourcecode.c.h; path = BMKCircle.h; sourceTree = "<group>"; };
		3BB4861B19409CC400D3054F /* BMKCircleView.h */ = {isa = PBXFileReference; fileEncoding = 4; lastKnownFileType = sourcecode.c.h; path = BMKCircleView.h; sourceTree = "<group>"; };
		3BB4861C19409CC400D3054F /* BMKCloudPOIList.h */ = {isa = PBXFileReference; fileEncoding = 4; lastKnownFileType = sourcecode.c.h; path = BMKCloudPOIList.h; sourceTree = "<group>"; };
		3BB4861D19409CC400D3054F /* BMKCloudSearch.h */ = {isa = PBXFileReference; fileEncoding = 4; lastKnownFileType = sourcecode.c.h; path = BMKCloudSearch.h; sourceTree = "<group>"; };
		3BB4861E19409CC400D3054F /* BMKCloudSearchComponent.h */ = {isa = PBXFileReference; fileEncoding = 4; lastKnownFileType = sourcecode.c.h; path = BMKCloudSearchComponent.h; sourceTree = "<group>"; };
		3BB4861F19409CC400D3054F /* BMKCloudSearchInfo.h */ = {isa = PBXFileReference; fileEncoding = 4; lastKnownFileType = sourcecode.c.h; path = BMKCloudSearchInfo.h; sourceTree = "<group>"; };
		3BB4862019409CC400D3054F /* BMKGeneralDelegate.h */ = {isa = PBXFileReference; fileEncoding = 4; lastKnownFileType = sourcecode.c.h; path = BMKGeneralDelegate.h; sourceTree = "<group>"; };
		3BB4862119409CC400D3054F /* BMKGeocodeSearch.h */ = {isa = PBXFileReference; fileEncoding = 4; lastKnownFileType = sourcecode.c.h; path = BMKGeocodeSearch.h; sourceTree = "<group>"; };
		3BB4862219409CC400D3054F /* BMKGeocodeSearchOption.h */ = {isa = PBXFileReference; fileEncoding = 4; lastKnownFileType = sourcecode.c.h; path = BMKGeocodeSearchOption.h; sourceTree = "<group>"; };
		3BB4862319409CC400D3054F /* BMKGeocodeType.h */ = {isa = PBXFileReference; fileEncoding = 4; lastKnownFileType = sourcecode.c.h; path = BMKGeocodeType.h; sourceTree = "<group>"; };
		3BB4862419409CC400D3054F /* BMKGeometry.h */ = {isa = PBXFileReference; fileEncoding = 4; lastKnownFileType = sourcecode.c.h; path = BMKGeometry.h; sourceTree = "<group>"; };
		3BB4862519409CC400D3054F /* BMKGroundOverlay.h */ = {isa = PBXFileReference; fileEncoding = 4; lastKnownFileType = sourcecode.c.h; path = BMKGroundOverlay.h; sourceTree = "<group>"; };
		3BB4862619409CC400D3054F /* BMKGroundOverlayView.h */ = {isa = PBXFileReference; fileEncoding = 4; lastKnownFileType = sourcecode.c.h; path = BMKGroundOverlayView.h; sourceTree = "<group>"; };
		3BB4862719409CC400D3054F /* BMKLocationComponent.h */ = {isa = PBXFileReference; fileEncoding = 4; lastKnownFileType = sourcecode.c.h; path = BMKLocationComponent.h; sourceTree = "<group>"; };
		3BB4862819409CC400D3054F /* BMKLocationService.h */ = {isa = PBXFileReference; fileEncoding = 4; lastKnownFileType = sourcecode.c.h; path = BMKLocationService.h; sourceTree = "<group>"; };
		3BB4862919409CC400D3054F /* BMKLocationViewDisplayParam.h */ = {isa = PBXFileReference; fileEncoding = 4; lastKnownFileType = sourcecode.c.h; path = BMKLocationViewDisplayParam.h; sourceTree = "<group>"; };
		3BB4862A19409CC400D3054F /* BMKMapComponent.h */ = {isa = PBXFileReference; fileEncoding = 4; lastKnownFileType = sourcecode.c.h; path = BMKMapComponent.h; sourceTree = "<group>"; };
		3BB4862B19409CC400D3054F /* BMKMapManager.h */ = {isa = PBXFileReference; fileEncoding = 4; lastKnownFileType = sourcecode.c.h; path = BMKMapManager.h; sourceTree = "<group>"; };
		3BB4862C19409CC400D3054F /* BMKMapStatus.h */ = {isa = PBXFileReference; fileEncoding = 4; lastKnownFileType = sourcecode.c.h; path = BMKMapStatus.h; sourceTree = "<group>"; };
		3BB4862D19409CC400D3054F /* BMKMapView.h */ = {isa = PBXFileReference; fileEncoding = 4; lastKnownFileType = sourcecode.c.h; path = BMKMapView.h; sourceTree = "<group>"; };
		3BB4862E19409CC400D3054F /* BMKMultiPoint.h */ = {isa = PBXFileReference; fileEncoding = 4; lastKnownFileType = sourcecode.c.h; path = BMKMultiPoint.h; sourceTree = "<group>"; };
		3BB4862F19409CC400D3054F /* BMKNavigation.h */ = {isa = PBXFileReference; fileEncoding = 4; lastKnownFileType = sourcecode.c.h; path = BMKNavigation.h; sourceTree = "<group>"; };
		3BB4863019409CC400D3054F /* BMKOfflineMap.h */ = {isa = PBXFileReference; fileEncoding = 4; lastKnownFileType = sourcecode.c.h; path = BMKOfflineMap.h; sourceTree = "<group>"; };
		3BB4863119409CC400D3054F /* BMKOfflineMapType.h */ = {isa = PBXFileReference; fileEncoding = 4; lastKnownFileType = sourcecode.c.h; path = BMKOfflineMapType.h; sourceTree = "<group>"; };
		3BB4863219409CC400D3054F /* BMKOverlay.h */ = {isa = PBXFileReference; fileEncoding = 4; lastKnownFileType = sourcecode.c.h; path = BMKOverlay.h; sourceTree = "<group>"; };
		3BB4863319409CC400D3054F /* BMKOverlayGLBasicView.h */ = {isa = PBXFileReference; fileEncoding = 4; lastKnownFileType = sourcecode.c.h; path = BMKOverlayGLBasicView.h; sourceTree = "<group>"; };
		3BB4863419409CC400D3054F /* BMKOverlayPathView.h */ = {isa = PBXFileReference; fileEncoding = 4; lastKnownFileType = sourcecode.c.h; path = BMKOverlayPathView.h; sourceTree = "<group>"; };
		3BB4863519409CC400D3054F /* BMKOverlayView.h */ = {isa = PBXFileReference; fileEncoding = 4; lastKnownFileType = sourcecode.c.h; path = BMKOverlayView.h; sourceTree = "<group>"; };
		3BB4863619409CC400D3054F /* BMKPinAnnotationView.h */ = {isa = PBXFileReference; fileEncoding = 4; lastKnownFileType = sourcecode.c.h; path = BMKPinAnnotationView.h; sourceTree = "<group>"; };
		3BB4863719409CC400D3054F /* BMKPointAnnotation.h */ = {isa = PBXFileReference; fileEncoding = 4; lastKnownFileType = sourcecode.c.h; path = BMKPointAnnotation.h; sourceTree = "<group>"; };
		3BB4863819409CC400D3054F /* BMKPoiSearch.h */ = {isa = PBXFileReference; fileEncoding = 4; lastKnownFileType = sourcecode.c.h; path = BMKPoiSearch.h; sourceTree = "<group>"; };
		3BB4863919409CC400D3054F /* BMKPoiSearchOption.h */ = {isa = PBXFileReference; fileEncoding = 4; lastKnownFileType = sourcecode.c.h; path = BMKPoiSearchOption.h; sourceTree = "<group>"; };
		3BB4863A19409CC400D3054F /* BMKPoiSearchType.h */ = {isa = PBXFileReference; fileEncoding = 4; lastKnownFileType = sourcecode.c.h; path = BMKPoiSearchType.h; sourceTree = "<group>"; };
		3BB4863B19409CC400D3054F /* BMKPolygon.h */ = {isa = PBXFileReference; fileEncoding = 4; lastKnownFileType = sourcecode.c.h; path = BMKPolygon.h; sourceTree = "<group>"; };
		3BB4863C19409CC400D3054F /* BMKPolygonView.h */ = {isa = PBXFileReference; fileEncoding = 4; lastKnownFileType = sourcecode.c.h; path = BMKPolygonView.h; sourceTree = "<group>"; };
		3BB4863D19409CC400D3054F /* BMKPolyline.h */ = {isa = PBXFileReference; fileEncoding = 4; lastKnownFileType = sourcecode.c.h; path = BMKPolyline.h; sourceTree = "<group>"; };
		3BB4863E19409CC400D3054F /* BMKPolylineView.h */ = {isa = PBXFileReference; fileEncoding = 4; lastKnownFileType = sourcecode.c.h; path = BMKPolylineView.h; sourceTree = "<group>"; };
		3BB4863F19409CC400D3054F /* BMKRouteSearch.h */ = {isa = PBXFileReference; fileEncoding = 4; lastKnownFileType = sourcecode.c.h; path = BMKRouteSearch.h; sourceTree = "<group>"; };
		3BB4864019409CC400D3054F /* BMKRouteSearchOption.h */ = {isa = PBXFileReference; fileEncoding = 4; lastKnownFileType = sourcecode.c.h; path = BMKRouteSearchOption.h; sourceTree = "<group>"; };
		3BB4864119409CC400D3054F /* BMKRouteSearchType.h */ = {isa = PBXFileReference; fileEncoding = 4; lastKnownFileType = sourcecode.c.h; path = BMKRouteSearchType.h; sourceTree = "<group>"; };
		3BB4864219409CC400D3054F /* BMKSearchComponent.h */ = {isa = PBXFileReference; fileEncoding = 4; lastKnownFileType = sourcecode.c.h; path = BMKSearchComponent.h; sourceTree = "<group>"; };
		3BB4864319409CC400D3054F /* BMKShape.h */ = {isa = PBXFileReference; fileEncoding = 4; lastKnownFileType = sourcecode.c.h; path = BMKShape.h; sourceTree = "<group>"; };
		3BB4864419409CC400D3054F /* BMKShareURLSearch.h */ = {isa = PBXFileReference; fileEncoding = 4; lastKnownFileType = sourcecode.c.h; path = BMKShareURLSearch.h; sourceTree = "<group>"; };
		3BB4864519409CC400D3054F /* BMKShareUrlSearchOption.h */ = {isa = PBXFileReference; fileEncoding = 4; lastKnownFileType = sourcecode.c.h; path = BMKShareUrlSearchOption.h; sourceTree = "<group>"; };
		3BB4864619409CC400D3054F /* BMKSuggestionSearch.h */ = {isa = PBXFileReference; fileEncoding = 4; lastKnownFileType = sourcecode.c.h; path = BMKSuggestionSearch.h; sourceTree = "<group>"; };
		3BB4864719409CC400D3054F /* BMKSuggestionSearchOption.h */ = {isa = PBXFileReference; fileEncoding = 4; lastKnownFileType = sourcecode.c.h; path = BMKSuggestionSearchOption.h; sourceTree = "<group>"; };
		3BB4864819409CC400D3054F /* BMKTypes.h */ = {isa = PBXFileReference; fileEncoding = 4; lastKnownFileType = sourcecode.c.h; path = BMKTypes.h; sourceTree = "<group>"; };
		3BB4864919409CC400D3054F /* BMKUserLocation.h */ = {isa = PBXFileReference; fileEncoding = 4; lastKnownFileType = sourcecode.c.h; path = BMKUserLocation.h; sourceTree = "<group>"; };
		3BB4864A19409CC400D3054F /* BMKUtilsComponent.h */ = {isa = PBXFileReference; fileEncoding = 4; lastKnownFileType = sourcecode.c.h; path = BMKUtilsComponent.h; sourceTree = "<group>"; };
		3BB4864B19409CC400D3054F /* BMKVersion.h */ = {isa = PBXFileReference; fileEncoding = 4; lastKnownFileType = sourcecode.c.h; path = BMKVersion.h; sourceTree = "<group>"; };
		3BB4864C19409CC400D3054F /* libbaidumapapi.a */ = {isa = PBXFileReference; lastKnownFileType = archive.ar; path = libbaidumapapi.a; sourceTree = "<group>"; };
		3BB4864D19409CC400D3054F /* mapapi.bundle */ = {isa = PBXFileReference; lastKnownFileType = "wrapper.plug-in"; path = mapapi.bundle; sourceTree = "<group>"; };
		3BB4864E19409CC400D3054F /* readme.txt */ = {isa = PBXFileReference; fileEncoding = 4; lastKnownFileType = text; path = readme.txt; sourceTree = "<group>"; };
		3BB486521940A73F00D3054F /* PersonalCenterViewController.h */ = {isa = PBXFileReference; fileEncoding = 4; lastKnownFileType = sourcecode.c.h; path = PersonalCenterViewController.h; sourceTree = "<group>"; };
		3BB486531940A73F00D3054F /* PersonalCenterViewController.m */ = {isa = PBXFileReference; fileEncoding = 4; lastKnownFileType = sourcecode.c.objc; path = PersonalCenterViewController.m; sourceTree = "<group>"; };
		3BB486551940A79300D3054F /* UIImage+UIColor.h */ = {isa = PBXFileReference; fileEncoding = 4; lastKnownFileType = sourcecode.c.h; path = "UIImage+UIColor.h"; sourceTree = "<group>"; };
		3BB486561940A79300D3054F /* UIImage+UIColor.m */ = {isa = PBXFileReference; fileEncoding = 4; lastKnownFileType = sourcecode.c.objc; path = "UIImage+UIColor.m"; sourceTree = "<group>"; };
		3BB486581940AFBA00D3054F /* PersonalCenterTableViewController.h */ = {isa = PBXFileReference; fileEncoding = 4; lastKnownFileType = sourcecode.c.h; path = PersonalCenterTableViewController.h; sourceTree = "<group>"; };
		3BB486591940AFBA00D3054F /* PersonalCenterTableViewController.m */ = {isa = PBXFileReference; fileEncoding = 4; lastKnownFileType = sourcecode.c.objc; path = PersonalCenterTableViewController.m; sourceTree = "<group>"; };
		3BB4865B1940B80200D3054F /* LoginViewController.h */ = {isa = PBXFileReference; fileEncoding = 4; lastKnownFileType = sourcecode.c.h; path = LoginViewController.h; sourceTree = "<group>"; };
		3BB4865C1940B80200D3054F /* LoginViewController.m */ = {isa = PBXFileReference; fileEncoding = 4; lastKnownFileType = sourcecode.c.objc; path = LoginViewController.m; sourceTree = "<group>"; };
		3BB4865E1940B9A000D3054F /* RegisterViewController.h */ = {isa = PBXFileReference; fileEncoding = 4; lastKnownFileType = sourcecode.c.h; path = RegisterViewController.h; sourceTree = "<group>"; };
		3BB4865F1940B9A000D3054F /* RegisterViewController.m */ = {isa = PBXFileReference; fileEncoding = 4; lastKnownFileType = sourcecode.c.objc; path = RegisterViewController.m; sourceTree = "<group>"; };
		3BB486611940BBB500D3054F /* ForgotPasswordViewController.h */ = {isa = PBXFileReference; fileEncoding = 4; lastKnownFileType = sourcecode.c.h; path = ForgotPasswordViewController.h; sourceTree = "<group>"; };
		3BB486621940BBB500D3054F /* ForgotPasswordViewController.m */ = {isa = PBXFileReference; fileEncoding = 4; lastKnownFileType = sourcecode.c.objc; path = ForgotPasswordViewController.m; sourceTree = "<group>"; };
		3BB6637B19376E050093C33F /* BusinessViewDetailView.xib */ = {isa = PBXFileReference; fileEncoding = 4; lastKnownFileType = file.xib; path = BusinessViewDetailView.xib; sourceTree = "<group>"; };
		3BB6637D19376E3B0093C33F /* EmptySegue.h */ = {isa = PBXFileReference; fileEncoding = 4; lastKnownFileType = sourcecode.c.h; path = EmptySegue.h; sourceTree = "<group>"; };
		3BB6637E19376E3B0093C33F /* EmptySegue.m */ = {isa = PBXFileReference; fileEncoding = 4; lastKnownFileType = sourcecode.c.objc; path = EmptySegue.m; sourceTree = "<group>"; };
		3BB6638019376E4F0093C33F /* BusinessViewDetailView.h */ = {isa = PBXFileReference; fileEncoding = 4; lastKnownFileType = sourcecode.c.h; path = BusinessViewDetailView.h; sourceTree = "<group>"; };
		3BB6638119376E4F0093C33F /* BusinessViewDetailView.m */ = {isa = PBXFileReference; fileEncoding = 4; lastKnownFileType = sourcecode.c.objc; path = BusinessViewDetailView.m; sourceTree = "<group>"; };
		3BC7D84E1931DA6700AD5FB6 /* home_data.plist */ = {isa = PBXFileReference; fileEncoding = 4; lastKnownFileType = text.plist.xml; path = home_data.plist; sourceTree = "<group>"; };
		3BC7D85019321A0800AD5FB6 /* ChooseCityViewController.h */ = {isa = PBXFileReference; fileEncoding = 4; lastKnownFileType = sourcecode.c.h; path = ChooseCityViewController.h; sourceTree = "<group>"; };
		3BC7D85119321A0800AD5FB6 /* ChooseCityViewController.mm */ = {isa = PBXFileReference; fileEncoding = 4; lastKnownFileType = sourcecode.cpp.objcpp; path = ChooseCityViewController.mm; sourceTree = "<group>"; };
		3BC7D85319322B3900AD5FB6 /* business_data.plist */ = {isa = PBXFileReference; fileEncoding = 4; lastKnownFileType = text.plist.xml; path = business_data.plist; sourceTree = "<group>"; };
		3BC7D855193230F500AD5FB6 /* BusinessView.xib */ = {isa = PBXFileReference; fileEncoding = 4; lastKnownFileType = file.xib; path = BusinessView.xib; sourceTree = "<group>"; };
		3BC7D8571932310500AD5FB6 /* BusinessView.h */ = {isa = PBXFileReference; fileEncoding = 4; lastKnownFileType = sourcecode.c.h; path = BusinessView.h; sourceTree = "<group>"; };
		3BC7D8581932310500AD5FB6 /* BusinessView.m */ = {isa = PBXFileReference; fileEncoding = 4; lastKnownFileType = sourcecode.c.objc; path = BusinessView.m; sourceTree = "<group>"; };
		3BDC51EC1927895700AC355F /* BusinessesViewController.h */ = {isa = PBXFileReference; fileEncoding = 4; lastKnownFileType = sourcecode.c.h; path = BusinessesViewController.h; sourceTree = "<group>"; };
		3BDC51ED1927895700AC355F /* BusinessesViewController.m */ = {isa = PBXFileReference; fileEncoding = 4; lastKnownFileType = sourcecode.c.objc; path = BusinessesViewController.m; sourceTree = "<group>"; };
		3BDC51F01927A19A00AC355F /* UIView+Origami.h */ = {isa = PBXFileReference; fileEncoding = 4; lastKnownFileType = sourcecode.c.h; path = "UIView+Origami.h"; sourceTree = "<group>"; };
		3BDC51F11927A19A00AC355F /* UIView+Origami.m */ = {isa = PBXFileReference; fileEncoding = 4; lastKnownFileType = sourcecode.c.objc; path = "UIView+Origami.m"; sourceTree = "<group>"; };
		3BFB63AA1941F52A0087AC36 /* AccountAndLocationManager.h */ = {isa = PBXFileReference; fileEncoding = 4; lastKnownFileType = sourcecode.c.h; path = AccountAndLocationManager.h; sourceTree = "<group>"; };
		3BFB63AB1941F52A0087AC36 /* AccountAndLocationManager.m */ = {isa = PBXFileReference; fileEncoding = 4; lastKnownFileType = sourcecode.c.objc; path = AccountAndLocationManager.m; sourceTree = "<group>"; };
		6E05481619382AEC002F021D /* BusinessDetailViewTopContainer.xib */ = {isa = PBXFileReference; fileEncoding = 4; lastKnownFileType = file.xib; path = BusinessDetailViewTopContainer.xib; sourceTree = "<group>"; };
		6E05481819382B04002F021D /* BusinessDetailViewTopContainer.h */ = {isa = PBXFileReference; fileEncoding = 4; lastKnownFileType = sourcecode.c.h; path = BusinessDetailViewTopContainer.h; sourceTree = "<group>"; };
		6E05481919382B04002F021D /* BusinessDetailViewTopContainer.m */ = {isa = PBXFileReference; fileEncoding = 4; lastKnownFileType = sourcecode.c.objc; path = BusinessDetailViewTopContainer.m; sourceTree = "<group>"; };
		8330954EF015441DA5DB3E8F /* libPods.a */ = {isa = PBXFileReference; explicitFileType = archive.ar; includeInIndex = 0; path = libPods.a; sourceTree = BUILT_PRODUCTS_DIR; };
		A495DDE42D2A496594EAFFED /* Pods.xcconfig */ = {isa = PBXFileReference; includeInIndex = 1; lastKnownFileType = text.xcconfig; name = Pods.xcconfig; path = Pods/Pods.xcconfig; sourceTree = "<group>"; };
/* End PBXFileReference section */

/* Begin PBXFrameworksBuildPhase section */
		3B452B261920FA63008729A9 /* Frameworks */ = {
			isa = PBXFrameworksBuildPhase;
			buildActionMask = 2147483647;
			files = (
				3B3348CA19B8592E0096F23D /* AlipayRsaLib.a in Frameworks */,
				3B765D3919B71A9B00C901E6 /* libz.dylib in Frameworks */,
				3B5E83E019B447FA00EC2AA9 /* AddressBook.framework in Frameworks */,
				3B765D3419B7178900C901E6 /* libUMessage_Sdk_1.1.0.a in Frameworks */,
				0217D9B819A1F45D004ECC77 /* libsqlite3.0.dylib in Frameworks */,
				3B452BF51920FE76008729A9 /* Security.framework in Frameworks */,
				3B452BF31920FE64008729A9 /* SystemConfiguration.framework in Frameworks */,
				3B452BF11920FE56008729A9 /* OpenGLES.framework in Frameworks */,
				3B3348D619B8592E0096F23D /* libcrypto.a in Frameworks */,
				3B452BEF1920FE4A008729A9 /* QuartzCore.framework in Frameworks */,
				3B452BED1920FE3E008729A9 /* CoreLocation.framework in Frameworks */,
				3B452B2F1920FA63008729A9 /* CoreGraphics.framework in Frameworks */,
				3B452B311920FA63008729A9 /* UIKit.framework in Frameworks */,
				3BB4864F19409CC400D3054F /* libbaidumapapi.a in Frameworks */,
				3B3348CD19B8592E0096F23D /* AlixPaylib_arc.a in Frameworks */,
				3B452B2D1920FA63008729A9 /* Foundation.framework in Frameworks */,
				3B3348D719B8592E0096F23D /* libssl.a in Frameworks */,
				039DFE8D97A54617A1C7EBF4 /* libPods.a in Frameworks */,
			);
			runOnlyForDeploymentPostprocessing = 0;
		};
		3B452B471920FA63008729A9 /* Frameworks */ = {
			isa = PBXFrameworksBuildPhase;
			buildActionMask = 2147483647;
			files = (
				3B452B4C1920FA63008729A9 /* XCTest.framework in Frameworks */,
				3B452B4E1920FA63008729A9 /* UIKit.framework in Frameworks */,
				3B452B4D1920FA63008729A9 /* Foundation.framework in Frameworks */,
			);
			runOnlyForDeploymentPostprocessing = 0;
		};
/* End PBXFrameworksBuildPhase section */

/* Begin PBXGroup section */
		02AFB97B19878074005BB260 /* Datas */ = {
			isa = PBXGroup;
			children = (
				02AFB9A51987DA07005BB260 /* MCategory.h */,
				02AFB9A61987DA07005BB260 /* MCategory.m */,
				02AFB9A81987DA08005BB260 /* MCity.h */,
				02AFB9A91987DA08005BB260 /* MCity.m */,
				02F62A6A199F8A29006FD8A9 /* Models.h */,
				02F62A6B199F8A4B006FD8A9 /* MOKASQL.h */,
				3B22AA4219ADB22200C13A32 /* MMerchant.h */,
				3B22AA4319ADB22200C13A32 /* MMerchant.m */,
				3B22AA4519ADD7F200C13A32 /* MMerchantDetail.h */,
				3B22AA4619ADD7F200C13A32 /* MMerchantDetail.m */,
				02B5DBED19B2EA3400E79109 /* MMoka.h */,
				02B5DBEE19B2EA3400E79109 /* MMoka.m */,
			);
			path = Datas;
			sourceTree = "<group>";
		};
		3B2640B21935B43000F88024 /* Additions */ = {
			isa = PBXGroup;
			children = (
				3B5C9DFB197E2AD20018F194 /* UIImage+ImageEffects.h */,
				3B5C9DFC197E2AD20018F194 /* UIImage+ImageEffects.m */,
				3BB6637D19376E3B0093C33F /* EmptySegue.h */,
				3BB6637E19376E3B0093C33F /* EmptySegue.m */,
				3B2640B31935B43000F88024 /* UIButton+Block.h */,
				3B2640B41935B43000F88024 /* UIButton+Block.m */,
				3B2640B51935B43000F88024 /* UIView+TopRadius.h */,
				3B2640B61935B43000F88024 /* UIView+TopRadius.m */,
				3BB486551940A79300D3054F /* UIImage+UIColor.h */,
				3BB486561940A79300D3054F /* UIImage+UIColor.m */,
				3B2640B91935B44A00F88024 /* Utils.h */,
				021DB88619604A5C0061D297 /* CallWindowBackViewController.h */,
				021DB88719604A5C0061D297 /* CallWindowBackViewController.m */,
				021DB889196058730061D297 /* LightStateBarNavigationController.h */,
				021DB88A196058730061D297 /* LightStateBarNavigationController.m */,
				3B085770197CE36E000AAEE8 /* BlackStateBarNavigationController.h */,
				3B085771197CE36E000AAEE8 /* BlackStateBarNavigationController.m */,
				02B98FB9198640480034722A /* MOKAURLs.h */,
			);
			path = Additions;
			sourceTree = "<group>";
		};
		3B2EB14119225089008E4048 /* Classes */ = {
			isa = PBXGroup;
			children = (
				3B5C15F519550E7C00F91646 /* 个人中心 */,
				3B2EB142192250A1008E4048 /* HomeViewController.h */,
				3B2EB143192250A1008E4048 /* HomeViewController.m */,
				3BDC51EC1927895700AC355F /* BusinessesViewController.h */,
				3BDC51ED1927895700AC355F /* BusinessesViewController.m */,
				3B149C54192E2EB600271741 /* BusinessDetailViewController.h */,
				3B149C55192E2EB600271741 /* BusinessDetailViewController.m */,
				3B3348D819B98FE40096F23D /* PaySucessViewController.h */,
				3B3348D919B98FE40096F23D /* PaySucessViewController.m */,
				3BC7D85019321A0800AD5FB6 /* ChooseCityViewController.h */,
				3BC7D85119321A0800AD5FB6 /* ChooseCityViewController.mm */,
				3BB4865B1940B80200D3054F /* LoginViewController.h */,
				3BB4865C1940B80200D3054F /* LoginViewController.m */,
				3BB4865E1940B9A000D3054F /* RegisterViewController.h */,
				3BB4865F1940B9A000D3054F /* RegisterViewController.m */,
				3BB486611940BBB500D3054F /* ForgotPasswordViewController.h */,
				3BB486621940BBB500D3054F /* ForgotPasswordViewController.m */,
				02AFC78D19C55DE300BDCDDC /* ChooseContactViewController.h */,
				02AFC78E19C55DE300BDCDDC /* ChooseContactViewController.m */,
				02AFC79019C562E200BDCDDC /* ChooseContactCell.h */,
				02AFC79119C562E200BDCDDC /* ChooseContactCell.m */,
			);
			path = Classes;
			sourceTree = "<group>";
		};
		3B3348AB19B856190096F23D /* Alipay */ = {
			isa = PBXGroup;
			children = (
				3B3348AD19B8592E0096F23D /* alipay */,
				3B3348AC19B856F30096F23D /* PartnerConfig.h */,
			);
			path = Alipay;
			sourceTree = "<group>";
		};
		3B3348AD19B8592E0096F23D /* alipay */ = {
			isa = PBXGroup;
			children = (
				3B3348AE19B8592E0096F23D /* AlipayRsaLib.a */,
				3B3348AF19B8592E0096F23D /* AlixLibService.h */,
				3B3348B019B8592E0096F23D /* Alixpay.bundle */,
				3B3348B219B8592E0096F23D /* AlixPaylib_arc.a */,
				3B3348B319B8592E0096F23D /* AlixPayOrder.h */,
				3B3348B419B8592E0096F23D /* AlixPayOrder.m */,
				3B3348B519B8592E0096F23D /* AlixPayResult.h */,
				3B3348B619B8592E0096F23D /* AlixPayResult.m */,
				3B3348B719B8592E0096F23D /* json */,
				3B3348C519B8592E0096F23D /* libcrypto.a */,
				3B3348C619B8592E0096F23D /* libssl.a */,
				3B3348C719B8592E0096F23D /* RSA */,
			);
			path = alipay;
			sourceTree = "<group>";
		};
		3B3348B719B8592E0096F23D /* json */ = {
			isa = PBXGroup;
			children = (
				3B3348B819B8592E0096F23D /* JSON.h */,
				3B3348B919B8592E0096F23D /* NSObject+SBJSON.h */,
				3B3348BA19B8592E0096F23D /* NSObject+SBJSON.m */,
				3B3348BB19B8592E0096F23D /* NSString+SBJSON.h */,
				3B3348BC19B8592E0096F23D /* NSString+SBJSON.m */,
				3B3348BD19B8592E0096F23D /* SBJSON.h */,
				3B3348BE19B8592E0096F23D /* SBJSON.m */,
				3B3348BF19B8592E0096F23D /* SBJsonBase.h */,
				3B3348C019B8592E0096F23D /* SBJsonBase.m */,
				3B3348C119B8592E0096F23D /* SBJsonParser.h */,
				3B3348C219B8592E0096F23D /* SBJsonParser.m */,
				3B3348C319B8592E0096F23D /* SBJsonWriter.h */,
				3B3348C419B8592E0096F23D /* SBJsonWriter.m */,
			);
			path = json;
			sourceTree = "<group>";
		};
		3B3348C719B8592E0096F23D /* RSA */ = {
			isa = PBXGroup;
			children = (
				3B3348C819B8592E0096F23D /* DataSigner.h */,
				3B3348C919B8592E0096F23D /* DataVerifier.h */,
			);
			path = RSA;
			sourceTree = "<group>";
		};
		3B399DFA192FADE100A96C18 /* Views */ = {
			isa = PBXGroup;
			children = (
				3B399E00192FAE3800A96C18 /* BusinessWindow.h */,
				3B399E01192FAE3800A96C18 /* BusinessWindow.m */,
				3B399DFB192FADE100A96C18 /* BusinessDetailView.h */,
				3B399DFC192FADE100A96C18 /* BusinessDetailView.m */,
				3B399DFD192FADE100A96C18 /* BusinessDetailView.xib */,
				3BC7D8571932310500AD5FB6 /* BusinessView.h */,
				3BC7D8581932310500AD5FB6 /* BusinessView.m */,
				3BC7D855193230F500AD5FB6 /* BusinessView.xib */,
				024335F719C441DB00B3E056 /* BusinessView_35.xib */,
				3BB6638019376E4F0093C33F /* BusinessViewDetailView.h */,
				3BB6638119376E4F0093C33F /* BusinessViewDetailView.m */,
				3BB6637B19376E050093C33F /* BusinessViewDetailView.xib */,
				024335F919C44ED600B3E056 /* BusinessViewDetailView_35.xib */,
				6E05481819382B04002F021D /* BusinessDetailViewTopContainer.h */,
				6E05481919382B04002F021D /* BusinessDetailViewTopContainer.m */,
				6E05481619382AEC002F021D /* BusinessDetailViewTopContainer.xib */,
				3B085773197D1DDF000AAEE8 /* BusinessDetailViewTopContainerCell.h */,
				3B085774197D1DDF000AAEE8 /* BusinessDetailViewTopContainerCell.m */,
				3B085775197D1DDF000AAEE8 /* BusinessDetailViewTopContainerCell.xib */,
				3B119C8919570A6300077226 /* MOKADetailView.h */,
				3B119C8A19570A6300077226 /* MOKADetailView.m */,
				3B119C8719570A4A00077226 /* MOKADetailView.xib */,
				024335FB19C4606B00B3E056 /* MOKADetailView_35.xib */,
			);
			path = Views;
			sourceTree = "<group>";
		};
		3B452B201920FA63008729A9 = {
			isa = PBXGroup;
			children = (
				3B452B321920FA63008729A9 /* linker */,
				3B452B511920FA63008729A9 /* linkerTests */,
				3B452B2B1920FA63008729A9 /* Frameworks */,
				3B452B2A1920FA63008729A9 /* Products */,
				A495DDE42D2A496594EAFFED /* Pods.xcconfig */,
			);
			sourceTree = "<group>";
		};
		3B452B2A1920FA63008729A9 /* Products */ = {
			isa = PBXGroup;
			children = (
				3B452B291920FA63008729A9 /* linker.app */,
				3B452B4A1920FA63008729A9 /* linkerTests.xctest */,
			);
			name = Products;
			sourceTree = "<group>";
		};
		3B452B2B1920FA63008729A9 /* Frameworks */ = {
			isa = PBXGroup;
			children = (
				3B765D3719B71A6100C901E6 /* libz.1.2.5.dylib */,
				3B765D3519B71A4100C901E6 /* libz.dylib */,
				3B5E83DF19B447FA00EC2AA9 /* AddressBook.framework */,
				0217D9B719A1F45D004ECC77 /* libsqlite3.0.dylib */,
				3B452BF41920FE76008729A9 /* Security.framework */,
				3B452BF21920FE64008729A9 /* SystemConfiguration.framework */,
				3B452BF01920FE56008729A9 /* OpenGLES.framework */,
				3B452BEE1920FE4A008729A9 /* QuartzCore.framework */,
				3B452BEC1920FE3E008729A9 /* CoreLocation.framework */,
				3B452B2C1920FA63008729A9 /* Foundation.framework */,
				3B452B2E1920FA63008729A9 /* CoreGraphics.framework */,
				3B452B301920FA63008729A9 /* UIKit.framework */,
				3B452B4B1920FA63008729A9 /* XCTest.framework */,
				8330954EF015441DA5DB3E8F /* libPods.a */,
			);
			name = Frameworks;
			sourceTree = "<group>";
		};
		3B452B321920FA63008729A9 /* linker */ = {
			isa = PBXGroup;
			children = (
				3B3348AB19B856190096F23D /* Alipay */,
				3B765D3019B7178900C901E6 /* UM */,
				02AFB97B19878074005BB260 /* Datas */,
				3BFB63A91941F4A00087AC36 /* Manager */,
				3B2640B21935B43000F88024 /* Additions */,
				3BC7D84E1931DA6700AD5FB6 /* home_data.plist */,
				3BC7D85319322B3900AD5FB6 /* business_data.plist */,
				3B399DFA192FADE100A96C18 /* Views */,
				3B2EB14119225089008E4048 /* Classes */,
				3B452B611920FB2F008729A9 /* Libs */,
				3B452B3B1920FA63008729A9 /* AppDelegate.h */,
				3B452B3C1920FA63008729A9 /* AppDelegate.m */,
				3B452B3E1920FA63008729A9 /* Main.storyboard */,
				3B452B441920FA63008729A9 /* Images.xcassets */,
				3B452B331920FA63008729A9 /* Supporting Files */,
			);
			path = linker;
			sourceTree = "<group>";
		};
		3B452B331920FA63008729A9 /* Supporting Files */ = {
			isa = PBXGroup;
			children = (
				3B452B341920FA63008729A9 /* linker-Info.plist */,
				3B452B351920FA63008729A9 /* InfoPlist.strings */,
				3B452B381920FA63008729A9 /* main.m */,
				3B452B3A1920FA63008729A9 /* linker-Prefix.pch */,
			);
			name = "Supporting Files";
			sourceTree = "<group>";
		};
		3B452B511920FA63008729A9 /* linkerTests */ = {
			isa = PBXGroup;
			children = (
				3B452B571920FA63008729A9 /* linkerTests.m */,
				3B452B521920FA63008729A9 /* Supporting Files */,
			);
			path = linkerTests;
			sourceTree = "<group>";
		};
		3B452B521920FA63008729A9 /* Supporting Files */ = {
			isa = PBXGroup;
			children = (
				3B452B531920FA63008729A9 /* linkerTests-Info.plist */,
				3B452B541920FA63008729A9 /* InfoPlist.strings */,
			);
			name = "Supporting Files";
			sourceTree = "<group>";
		};
		3B452B611920FB2F008729A9 /* Libs */ = {
			isa = PBXGroup;
			children = (
				3BB4860F19409CC400D3054F /* BaiduMap_IOSSDK_v2.3.0_Lib */,
				3BDC51EF1927A19A00AC355F /* 折叠 */,
			);
			path = Libs;
			sourceTree = "<group>";
		};
		3B5C15F519550E7C00F91646 /* 个人中心 */ = {
			isa = PBXGroup;
			children = (
				021DB883196041CA0061D297 /* PersonalCenterContainerWindow.h */,
				021DB884196041CA0061D297 /* PersonalCenterContainerWindow.m */,
				3BB486521940A73F00D3054F /* PersonalCenterViewController.h */,
				3BB486531940A73F00D3054F /* PersonalCenterViewController.m */,
				3BB486581940AFBA00D3054F /* PersonalCenterTableViewController.h */,
				3BB486591940AFBA00D3054F /* PersonalCenterTableViewController.m */,
				3B5C15F619550EC300F91646 /* RecivedMOKAViewController.h */,
				3B5C15F719550EC300F91646 /* RecivedMOKAViewController.m */,
				02793BA6197D6E9000B2AC39 /* CustomLayout.h */,
				02793BA7197D6E9000B2AC39 /* CustomLayout.m */,
				02793BA1197D6D0200B2AC39 /* RecivedMOKACell.h */,
				02793BA2197D6D0200B2AC39 /* RecivedMOKACell.m */,
				02793BA4197D6D1C00B2AC39 /* RecivedMOKACell.xib */,
				3B5C9DF5197E034B0018F194 /* MOKADetailViewController.h */,
				3B5C9DF6197E034B0018F194 /* MOKADetailViewController.m */,
				3B5C15F919550EE400F91646 /* SendedMOKAViewController.h */,
				3B5C15FA19550EE400F91646 /* SendedMOKAViewController.m */,
				3B119C8C1957256C00077226 /* MOKADetailMessageViewController.h */,
				3B119C8D1957256C00077226 /* MOKADetailMessageViewController.m */,
				3B5C15FC19550F0F00F91646 /* RefundProcessViewController.h */,
				3B5C15FD19550F0F00F91646 /* RefundProcessViewController.m */,
				3B2B452F197F7DB100E13D6B /* RefundProcessCell.h */,
				3B2B4530197F7DB100E13D6B /* RefundProcessCell.m */,
				3B5C15FF19550F2C00F91646 /* ChangePasswordViewController.h */,
				3B5C160019550F2C00F91646 /* ChangePasswordViewController.m */,
			);
			name = "个人中心";
			sourceTree = "<group>";
		};
		3B765D3019B7178900C901E6 /* UM */ = {
			isa = PBXGroup;
			children = (
				3B765D3119B7178900C901E6 /* UMessage_Sdk_1.1.0 */,
			);
			path = UM;
			sourceTree = "<group>";
		};
		3B765D3119B7178900C901E6 /* UMessage_Sdk_1.1.0 */ = {
			isa = PBXGroup;
			children = (
				3B765D3219B7178900C901E6 /* libUMessage_Sdk_1.1.0.a */,
				3B765D3319B7178900C901E6 /* UMessage.h */,
			);
			path = UMessage_Sdk_1.1.0;
			sourceTree = "<group>";
		};
		3BB4860F19409CC400D3054F /* BaiduMap_IOSSDK_v2.3.0_Lib */ = {
			isa = PBXGroup;
			children = (
				3BB4861019409CC400D3054F /* inc */,
				3BB4864C19409CC400D3054F /* libbaidumapapi.a */,
				3BB4864D19409CC400D3054F /* mapapi.bundle */,
				3BB4864E19409CC400D3054F /* readme.txt */,
			);
			path = BaiduMap_IOSSDK_v2.3.0_Lib;
			sourceTree = "<group>";
		};
		3BB4861019409CC400D3054F /* inc */ = {
			isa = PBXGroup;
			children = (
				3BB4861119409CC400D3054F /* BMapKit.h */,
				3BB4861219409CC400D3054F /* BMKActionPaopaoView.h */,
				3BB4861319409CC400D3054F /* BMKAnnotation.h */,
				3BB4861419409CC400D3054F /* BMKAnnotationView.h */,
				3BB4861519409CC400D3054F /* BMKArcline.h */,
				3BB4861619409CC400D3054F /* BMKArclineView.h */,
				3BB4861719409CC400D3054F /* BMKBaseComponent.h */,
				3BB4861819409CC400D3054F /* BMKBusLineSearch.h */,
				3BB4861919409CC400D3054F /* BMKBusLineSearchOption.h */,
				3BB4861A19409CC400D3054F /* BMKCircle.h */,
				3BB4861B19409CC400D3054F /* BMKCircleView.h */,
				3BB4861C19409CC400D3054F /* BMKCloudPOIList.h */,
				3BB4861D19409CC400D3054F /* BMKCloudSearch.h */,
				3BB4861E19409CC400D3054F /* BMKCloudSearchComponent.h */,
				3BB4861F19409CC400D3054F /* BMKCloudSearchInfo.h */,
				3BB4862019409CC400D3054F /* BMKGeneralDelegate.h */,
				3BB4862119409CC400D3054F /* BMKGeocodeSearch.h */,
				3BB4862219409CC400D3054F /* BMKGeocodeSearchOption.h */,
				3BB4862319409CC400D3054F /* BMKGeocodeType.h */,
				3BB4862419409CC400D3054F /* BMKGeometry.h */,
				3BB4862519409CC400D3054F /* BMKGroundOverlay.h */,
				3BB4862619409CC400D3054F /* BMKGroundOverlayView.h */,
				3BB4862719409CC400D3054F /* BMKLocationComponent.h */,
				3BB4862819409CC400D3054F /* BMKLocationService.h */,
				3BB4862919409CC400D3054F /* BMKLocationViewDisplayParam.h */,
				3BB4862A19409CC400D3054F /* BMKMapComponent.h */,
				3BB4862B19409CC400D3054F /* BMKMapManager.h */,
				3BB4862C19409CC400D3054F /* BMKMapStatus.h */,
				3BB4862D19409CC400D3054F /* BMKMapView.h */,
				3BB4862E19409CC400D3054F /* BMKMultiPoint.h */,
				3BB4862F19409CC400D3054F /* BMKNavigation.h */,
				3BB4863019409CC400D3054F /* BMKOfflineMap.h */,
				3BB4863119409CC400D3054F /* BMKOfflineMapType.h */,
				3BB4863219409CC400D3054F /* BMKOverlay.h */,
				3BB4863319409CC400D3054F /* BMKOverlayGLBasicView.h */,
				3BB4863419409CC400D3054F /* BMKOverlayPathView.h */,
				3BB4863519409CC400D3054F /* BMKOverlayView.h */,
				3BB4863619409CC400D3054F /* BMKPinAnnotationView.h */,
				3BB4863719409CC400D3054F /* BMKPointAnnotation.h */,
				3BB4863819409CC400D3054F /* BMKPoiSearch.h */,
				3BB4863919409CC400D3054F /* BMKPoiSearchOption.h */,
				3BB4863A19409CC400D3054F /* BMKPoiSearchType.h */,
				3BB4863B19409CC400D3054F /* BMKPolygon.h */,
				3BB4863C19409CC400D3054F /* BMKPolygonView.h */,
				3BB4863D19409CC400D3054F /* BMKPolyline.h */,
				3BB4863E19409CC400D3054F /* BMKPolylineView.h */,
				3BB4863F19409CC400D3054F /* BMKRouteSearch.h */,
				3BB4864019409CC400D3054F /* BMKRouteSearchOption.h */,
				3BB4864119409CC400D3054F /* BMKRouteSearchType.h */,
				3BB4864219409CC400D3054F /* BMKSearchComponent.h */,
				3BB4864319409CC400D3054F /* BMKShape.h */,
				3BB4864419409CC400D3054F /* BMKShareURLSearch.h */,
				3BB4864519409CC400D3054F /* BMKShareUrlSearchOption.h */,
				3BB4864619409CC400D3054F /* BMKSuggestionSearch.h */,
				3BB4864719409CC400D3054F /* BMKSuggestionSearchOption.h */,
				3BB4864819409CC400D3054F /* BMKTypes.h */,
				3BB4864919409CC400D3054F /* BMKUserLocation.h */,
				3BB4864A19409CC400D3054F /* BMKUtilsComponent.h */,
				3BB4864B19409CC400D3054F /* BMKVersion.h */,
			);
			path = inc;
			sourceTree = "<group>";
		};
		3BDC51EF1927A19A00AC355F /* 折叠 */ = {
			isa = PBXGroup;
			children = (
				3BDC51F01927A19A00AC355F /* UIView+Origami.h */,
				3BDC51F11927A19A00AC355F /* UIView+Origami.m */,
			);
			path = "折叠";
			sourceTree = "<group>";
		};
		3BFB63A91941F4A00087AC36 /* Manager */ = {
			isa = PBXGroup;
			children = (
				02F62A66199F88B7006FD8A9 /* DataBaseManager.h */,
				02F62A67199F88B7006FD8A9 /* DataBaseManager.m */,
				3B29EBFE19420B97006054A1 /* Reachability.h */,
				3B29EBFF19420B97006054A1 /* Reachability.m */,
				3BFB63AA1941F52A0087AC36 /* AccountAndLocationManager.h */,
				3BFB63AB1941F52A0087AC36 /* AccountAndLocationManager.m */,
			);
			path = Manager;
			sourceTree = "<group>";
		};
/* End PBXGroup section */

/* Begin PBXNativeTarget section */
		3B452B281920FA63008729A9 /* linker */ = {
			isa = PBXNativeTarget;
			buildConfigurationList = 3B452B5B1920FA63008729A9 /* Build configuration list for PBXNativeTarget "linker" */;
			buildPhases = (
				88F8F704E2944E4D89BF6387 /* Check Pods Manifest.lock */,
				3B452B251920FA63008729A9 /* Sources */,
				3B452B261920FA63008729A9 /* Frameworks */,
				3B452B271920FA63008729A9 /* Resources */,
				B68EA7CE4C664ADCA2A46F14 /* Copy Pods Resources */,
			);
			buildRules = (
			);
			dependencies = (
			);
			name = linker;
			productName = linker;
			productReference = 3B452B291920FA63008729A9 /* linker.app */;
			productType = "com.apple.product-type.application";
		};
		3B452B491920FA63008729A9 /* linkerTests */ = {
			isa = PBXNativeTarget;
			buildConfigurationList = 3B452B5E1920FA63008729A9 /* Build configuration list for PBXNativeTarget "linkerTests" */;
			buildPhases = (
				3B452B461920FA63008729A9 /* Sources */,
				3B452B471920FA63008729A9 /* Frameworks */,
				3B452B481920FA63008729A9 /* Resources */,
			);
			buildRules = (
			);
			dependencies = (
				3B452B501920FA63008729A9 /* PBXTargetDependency */,
			);
			name = linkerTests;
			productName = linkerTests;
			productReference = 3B452B4A1920FA63008729A9 /* linkerTests.xctest */;
			productType = "com.apple.product-type.bundle.unit-test";
		};
/* End PBXNativeTarget section */

/* Begin PBXProject section */
		3B452B211920FA63008729A9 /* Project object */ = {
			isa = PBXProject;
			attributes = {
				LastUpgradeCheck = 0510;
				ORGANIZATIONNAME = colin;
				TargetAttributes = {
					3B452B281920FA63008729A9 = {
						DevelopmentTeam = T9LJ8A8755;
					};
					3B452B491920FA63008729A9 = {
						TestTargetID = 3B452B281920FA63008729A9;
					};
				};
			};
			buildConfigurationList = 3B452B241920FA63008729A9 /* Build configuration list for PBXProject "linker" */;
			compatibilityVersion = "Xcode 3.2";
			developmentRegion = English;
			hasScannedForEncodings = 0;
			knownRegions = (
				en,
				Base,
			);
			mainGroup = 3B452B201920FA63008729A9;
			productRefGroup = 3B452B2A1920FA63008729A9 /* Products */;
			projectDirPath = "";
			projectRoot = "";
			targets = (
				3B452B281920FA63008729A9 /* linker */,
				3B452B491920FA63008729A9 /* linkerTests */,
			);
		};
/* End PBXProject section */

/* Begin PBXResourcesBuildPhase section */
		3B452B271920FA63008729A9 /* Resources */ = {
			isa = PBXResourcesBuildPhase;
			buildActionMask = 2147483647;
			files = (
				3BB6637C19376E050093C33F /* BusinessViewDetailView.xib in Resources */,
				3BB4865019409CC400D3054F /* mapapi.bundle in Resources */,
				024335F819C441DB00B3E056 /* BusinessView_35.xib in Resources */,
				6E05481719382AEC002F021D /* BusinessDetailViewTopContainer.xib in Resources */,
				3B452B451920FA63008729A9 /* Images.xcassets in Resources */,
				024335FC19C4606B00B3E056 /* MOKADetailView_35.xib in Resources */,
				02793BA5197D6D1C00B2AC39 /* RecivedMOKACell.xib in Resources */,
				3BB4865119409CC400D3054F /* readme.txt in Resources */,
				3B119C8819570A4A00077226 /* MOKADetailView.xib in Resources */,
				3B085777197D1DDF000AAEE8 /* BusinessDetailViewTopContainerCell.xib in Resources */,
				3B3348CB19B8592E0096F23D /* Alixpay.bundle in Resources */,
				3BC7D85419322B3900AD5FB6 /* business_data.plist in Resources */,
				3BC7D84F1931DA6700AD5FB6 /* home_data.plist in Resources */,
				3B399DFF192FADE100A96C18 /* BusinessDetailView.xib in Resources */,
				3B452B371920FA63008729A9 /* InfoPlist.strings in Resources */,
				3B452B401920FA63008729A9 /* Main.storyboard in Resources */,
				024335FA19C44ED600B3E056 /* BusinessViewDetailView_35.xib in Resources */,
				3BC7D856193230F500AD5FB6 /* BusinessView.xib in Resources */,
			);
			runOnlyForDeploymentPostprocessing = 0;
		};
		3B452B481920FA63008729A9 /* Resources */ = {
			isa = PBXResourcesBuildPhase;
			buildActionMask = 2147483647;
			files = (
				3B452B561920FA63008729A9 /* InfoPlist.strings in Resources */,
			);
			runOnlyForDeploymentPostprocessing = 0;
		};
/* End PBXResourcesBuildPhase section */

/* Begin PBXShellScriptBuildPhase section */
		88F8F704E2944E4D89BF6387 /* Check Pods Manifest.lock */ = {
			isa = PBXShellScriptBuildPhase;
			buildActionMask = 2147483647;
			files = (
			);
			inputPaths = (
			);
			name = "Check Pods Manifest.lock";
			outputPaths = (
			);
			runOnlyForDeploymentPostprocessing = 0;
			shellPath = /bin/sh;
			shellScript = "diff \"${PODS_ROOT}/../Podfile.lock\" \"${PODS_ROOT}/Manifest.lock\" > /dev/null\nif [[ $? != 0 ]] ; then\n    cat << EOM\nerror: The sandbox is not in sync with the Podfile.lock. Run 'pod install' or update your CocoaPods installation.\nEOM\n    exit 1\nfi\n";
			showEnvVarsInLog = 0;
		};
		B68EA7CE4C664ADCA2A46F14 /* Copy Pods Resources */ = {
			isa = PBXShellScriptBuildPhase;
			buildActionMask = 2147483647;
			files = (
			);
			inputPaths = (
			);
			name = "Copy Pods Resources";
			outputPaths = (
			);
			runOnlyForDeploymentPostprocessing = 0;
			shellPath = /bin/sh;
			shellScript = "\"${SRCROOT}/Pods/Pods-resources.sh\"\n";
			showEnvVarsInLog = 0;
		};
/* End PBXShellScriptBuildPhase section */

/* Begin PBXSourcesBuildPhase section */
		3B452B251920FA63008729A9 /* Sources */ = {
			isa = PBXSourcesBuildPhase;
			buildActionMask = 2147483647;
			files = (
				02AFB9AA1987DA08005BB260 /* MCity.m in Sources */,
				021DB88B196058730061D297 /* LightStateBarNavigationController.m in Sources */,
				021DB88819604A5C0061D297 /* CallWindowBackViewController.m in Sources */,
				3B5C9DFD197E2AD20018F194 /* UIImage+ImageEffects.m in Sources */,
				3B119C8E1957256C00077226 /* MOKADetailMessageViewController.m in Sources */,
				3BC7D8591932310500AD5FB6 /* BusinessView.m in Sources */,
				3B399E02192FAE3800A96C18 /* BusinessWindow.m in Sources */,
				3BB4865A1940AFBA00D3054F /* PersonalCenterTableViewController.m in Sources */,
				3BDC51F21927A19A00AC355F /* UIView+Origami.m in Sources */,
				3BFB63AC1941F52A0087AC36 /* AccountAndLocationManager.m in Sources */,
				3B119C8B19570A6300077226 /* MOKADetailView.m in Sources */,
				3B2640B71935B43000F88024 /* UIButton+Block.m in Sources */,
				3B3348D219B8592E0096F23D /* SBJSON.m in Sources */,
				3B22AA4419ADB22200C13A32 /* MMerchant.m in Sources */,
				3BB6637F19376E3B0093C33F /* EmptySegue.m in Sources */,
				3B5C160119550F2C00F91646 /* ChangePasswordViewController.m in Sources */,
				3B5C15F819550EC300F91646 /* RecivedMOKAViewController.m in Sources */,
				3B3348D319B8592E0096F23D /* SBJsonBase.m in Sources */,
				3BDC51EE1927895700AC355F /* BusinessesViewController.m in Sources */,
				02AFC78F19C55DE300BDCDDC /* ChooseContactViewController.m in Sources */,
				3BB486571940A79300D3054F /* UIImage+UIColor.m in Sources */,
				3B3348D019B8592E0096F23D /* NSObject+SBJSON.m in Sources */,
				6E05481A19382B04002F021D /* BusinessDetailViewTopContainer.m in Sources */,
				3BB6638219376E4F0093C33F /* BusinessViewDetailView.m in Sources */,
				3BC7D85219321A0800AD5FB6 /* ChooseCityViewController.mm in Sources */,
				02793BA8197D6E9000B2AC39 /* CustomLayout.m in Sources */,
				02AFB9A71987DA07005BB260 /* MCategory.m in Sources */,
				02AFC79219C562E200BDCDDC /* ChooseContactCell.m in Sources */,
				3B5C9DF7197E034B0018F194 /* MOKADetailViewController.m in Sources */,
				3B452B3D1920FA63008729A9 /* AppDelegate.m in Sources */,
				3B5C15FE19550F0F00F91646 /* RefundProcessViewController.m in Sources */,
				3B452B391920FA63008729A9 /* main.m in Sources */,
				3B2EB144192250A1008E4048 /* HomeViewController.m in Sources */,
				02793BA3197D6D0200B2AC39 /* RecivedMOKACell.m in Sources */,
				3B3348D119B8592E0096F23D /* NSString+SBJSON.m in Sources */,
				3B3348CE19B8592E0096F23D /* AlixPayOrder.m in Sources */,
				3B149C56192E2EB600271741 /* BusinessDetailViewController.m in Sources */,
				3BB486601940B9A000D3054F /* RegisterViewController.m in Sources */,
				3B29EC0019420B97006054A1 /* Reachability.m in Sources */,
				3B3348CF19B8592E0096F23D /* AlixPayResult.m in Sources */,
				3B2B4531197F7DB100E13D6B /* RefundProcessCell.m in Sources */,
				3B3348DA19B98FE40096F23D /* PaySucessViewController.m in Sources */,
				02F62A68199F88B7006FD8A9 /* DataBaseManager.m in Sources */,
				3B085776197D1DDF000AAEE8 /* BusinessDetailViewTopContainerCell.m in Sources */,
				3BB4865D1940B80200D3054F /* LoginViewController.m in Sources */,
				3BB486541940A73F00D3054F /* PersonalCenterViewController.m in Sources */,
				3BB486631940BBB500D3054F /* ForgotPasswordViewController.m in Sources */,
				3B2640B81935B43000F88024 /* UIView+TopRadius.m in Sources */,
				3B3348D419B8592E0096F23D /* SBJsonParser.m in Sources */,
				3B399DFE192FADE100A96C18 /* BusinessDetailView.m in Sources */,
				3B085772197CE36E000AAEE8 /* BlackStateBarNavigationController.m in Sources */,
				3B3348D519B8592E0096F23D /* SBJsonWriter.m in Sources */,
				021DB885196041CA0061D297 /* PersonalCenterContainerWindow.m in Sources */,
				02B5DBEF19B2EA3400E79109 /* MMoka.m in Sources */,
				3B22AA4719ADD7F200C13A32 /* MMerchantDetail.m in Sources */,
				3B5C15FB19550EE400F91646 /* SendedMOKAViewController.m in Sources */,
			);
			runOnlyForDeploymentPostprocessing = 0;
		};
		3B452B461920FA63008729A9 /* Sources */ = {
			isa = PBXSourcesBuildPhase;
			buildActionMask = 2147483647;
			files = (
				3B452B581920FA63008729A9 /* linkerTests.m in Sources */,
			);
			runOnlyForDeploymentPostprocessing = 0;
		};
/* End PBXSourcesBuildPhase section */

/* Begin PBXTargetDependency section */
		3B452B501920FA63008729A9 /* PBXTargetDependency */ = {
			isa = PBXTargetDependency;
			target = 3B452B281920FA63008729A9 /* linker */;
			targetProxy = 3B452B4F1920FA63008729A9 /* PBXContainerItemProxy */;
		};
/* End PBXTargetDependency section */

/* Begin PBXVariantGroup section */
		3B452B351920FA63008729A9 /* InfoPlist.strings */ = {
			isa = PBXVariantGroup;
			children = (
				3B452B361920FA63008729A9 /* en */,
			);
			name = InfoPlist.strings;
			sourceTree = "<group>";
		};
		3B452B3E1920FA63008729A9 /* Main.storyboard */ = {
			isa = PBXVariantGroup;
			children = (
				3B452B3F1920FA63008729A9 /* Base */,
			);
			name = Main.storyboard;
			sourceTree = "<group>";
		};
		3B452B541920FA63008729A9 /* InfoPlist.strings */ = {
			isa = PBXVariantGroup;
			children = (
				3B452B551920FA63008729A9 /* en */,
			);
			name = InfoPlist.strings;
			sourceTree = "<group>";
		};
/* End PBXVariantGroup section */

/* Begin XCBuildConfiguration section */
		3B452B591920FA63008729A9 /* Debug */ = {
			isa = XCBuildConfiguration;
			buildSettings = {
				ALWAYS_SEARCH_USER_PATHS = NO;
				CLANG_CXX_LANGUAGE_STANDARD = "gnu++0x";
				CLANG_CXX_LIBRARY = "libc++";
				CLANG_ENABLE_MODULES = YES;
				CLANG_ENABLE_OBJC_ARC = YES;
				CLANG_WARN_BOOL_CONVERSION = YES;
				CLANG_WARN_CONSTANT_CONVERSION = YES;
				CLANG_WARN_DIRECT_OBJC_ISA_USAGE = YES_ERROR;
				CLANG_WARN_EMPTY_BODY = YES;
				CLANG_WARN_ENUM_CONVERSION = YES;
				CLANG_WARN_INT_CONVERSION = YES;
				CLANG_WARN_OBJC_ROOT_CLASS = YES_ERROR;
				CLANG_WARN__DUPLICATE_METHOD_MATCH = YES;
				CODE_SIGN_IDENTITY = "iPhone Developer: CHENG NAN (R79JFQ5VKW)";
				"CODE_SIGN_IDENTITY[sdk=iphoneos*]" = "iPhone Developer: CHENG NAN (R79JFQ5VKW)";
				COPY_PHASE_STRIP = NO;
				GCC_C_LANGUAGE_STANDARD = gnu99;
				GCC_DYNAMIC_NO_PIC = NO;
				GCC_OPTIMIZATION_LEVEL = 0;
				GCC_PREPROCESSOR_DEFINITIONS = (
					"DEBUG=1",
					"$(inherited)",
				);
				GCC_SYMBOLS_PRIVATE_EXTERN = NO;
				GCC_WARN_64_TO_32_BIT_CONVERSION = YES;
				GCC_WARN_ABOUT_RETURN_TYPE = YES_ERROR;
				GCC_WARN_UNDECLARED_SELECTOR = YES;
				GCC_WARN_UNINITIALIZED_AUTOS = YES;
				GCC_WARN_UNUSED_FUNCTION = YES;
				GCC_WARN_UNUSED_VARIABLE = YES;
				IPHONEOS_DEPLOYMENT_TARGET = 7.0;
				LIBRARY_SEARCH_PATHS = "$(SRCROOT)/Libs/BaiduMap_iOSSDK_v2.2.1_Lib/libs/Release-iphoneos";
				ONLY_ACTIVE_ARCH = NO;
				OTHER_LDFLAGS = "-ObjC";
				PROVISIONING_PROFILE = "4522731f-1f99-4736-b9c5-8aa3433cfee1";
				SDKROOT = iphoneos;
			};
			name = Debug;
		};
		3B452B5A1920FA63008729A9 /* Release */ = {
			isa = XCBuildConfiguration;
			buildSettings = {
				ALWAYS_SEARCH_USER_PATHS = NO;
				CLANG_CXX_LANGUAGE_STANDARD = "gnu++0x";
				CLANG_CXX_LIBRARY = "libc++";
				CLANG_ENABLE_MODULES = YES;
				CLANG_ENABLE_OBJC_ARC = YES;
				CLANG_WARN_BOOL_CONVERSION = YES;
				CLANG_WARN_CONSTANT_CONVERSION = YES;
				CLANG_WARN_DIRECT_OBJC_ISA_USAGE = YES_ERROR;
				CLANG_WARN_EMPTY_BODY = YES;
				CLANG_WARN_ENUM_CONVERSION = YES;
				CLANG_WARN_INT_CONVERSION = YES;
				CLANG_WARN_OBJC_ROOT_CLASS = YES_ERROR;
				CLANG_WARN__DUPLICATE_METHOD_MATCH = YES;
				CODE_SIGN_IDENTITY = "iPhone Distribution: CHENG NAN (222UUNEN4P)";
				"CODE_SIGN_IDENTITY[sdk=iphoneos*]" = "iPhone Distribution: CHENG NAN (222UUNEN4P)";
				COPY_PHASE_STRIP = YES;
				ENABLE_NS_ASSERTIONS = NO;
				GCC_C_LANGUAGE_STANDARD = gnu99;
				GCC_WARN_64_TO_32_BIT_CONVERSION = YES;
				GCC_WARN_ABOUT_RETURN_TYPE = YES_ERROR;
				GCC_WARN_UNDECLARED_SELECTOR = YES;
				GCC_WARN_UNINITIALIZED_AUTOS = YES;
				GCC_WARN_UNUSED_FUNCTION = YES;
				GCC_WARN_UNUSED_VARIABLE = YES;
				IPHONEOS_DEPLOYMENT_TARGET = 7.0;
				LIBRARY_SEARCH_PATHS = "$(SRCROOT)/Libs/BaiduMap_iOSSDK_v2.2.1_Lib/libs/Release-iphoneos";
				ONLY_ACTIVE_ARCH = NO;
				OTHER_LDFLAGS = "-ObjC";
				PROVISIONING_PROFILE = "4522731f-1f99-4736-b9c5-8aa3433cfee1";
				SDKROOT = iphoneos;
				VALIDATE_PRODUCT = YES;
			};
			name = Release;
		};
		3B452B5C1920FA63008729A9 /* Debug */ = {
			isa = XCBuildConfiguration;
			baseConfigurationReference = A495DDE42D2A496594EAFFED /* Pods.xcconfig */;
			buildSettings = {
				ALWAYS_SEARCH_USER_PATHS = NO;
				ASSETCATALOG_COMPILER_APPICON_NAME = AppIcon;
				ASSETCATALOG_COMPILER_LAUNCHIMAGE_NAME = LaunchImage;
				CODE_SIGN_IDENTITY = "iPhone Developer: CHENG NAN (R79JFQ5VKW)";
				GCC_PRECOMPILE_PREFIX_HEADER = YES;
				GCC_PREFIX_HEADER = "linker/linker-Prefix.pch";
				INFOPLIST_FILE = "linker/linker-Info.plist";
				LIBRARY_SEARCH_PATHS = (
					/Users/colin/Documents/ld/moka/linker/linker/Libs/BaiduMap_IOSSDK_v2.3.0_Lib,
					"$(PROJECT_DIR)/linker/UM/UMessage_Sdk_1.1.0",
					/Users/lidi/Documents/projects/moka/linker/linker/Libs/BaiduMap_IOSSDK_v2.3.0_Lib,
					"$(PROJECT_DIR)/linker/Alipay/alipay",
				);
				ONLY_ACTIVE_ARCH = YES;
				OTHER_LDFLAGS = "-all_load";
				PRODUCT_NAME = "$(TARGET_NAME)";
				PROVISIONING_PROFILE = "4522731f-1f99-4736-b9c5-8aa3433cfee1";
				VALID_ARCHS = "armv7 armv7s";
				WRAPPER_EXTENSION = app;
			};
			name = Debug;
		};
		3B452B5D1920FA63008729A9 /* Release */ = {
			isa = XCBuildConfiguration;
			baseConfigurationReference = A495DDE42D2A496594EAFFED /* Pods.xcconfig */;
			buildSettings = {
				ALWAYS_SEARCH_USER_PATHS = NO;
				ASSETCATALOG_COMPILER_APPICON_NAME = AppIcon;
				ASSETCATALOG_COMPILER_LAUNCHIMAGE_NAME = LaunchImage;
				CODE_SIGN_IDENTITY = "iPhone Distribution: CHENG NAN (222UUNEN4P)";
				GCC_PRECOMPILE_PREFIX_HEADER = YES;
				GCC_PREFIX_HEADER = "linker/linker-Prefix.pch";
				INFOPLIST_FILE = "linker/linker-Info.plist";
				LIBRARY_SEARCH_PATHS = (
					/Users/colin/Documents/ld/moka/linker/linker/Libs/BaiduMap_IOSSDK_v2.3.0_Lib,
					"$(PROJECT_DIR)/linker/UM/UMessage_Sdk_1.1.0",
					/Users/lidi/Documents/projects/moka/linker/linker/Libs/BaiduMap_IOSSDK_v2.3.0_Lib,
					"$(PROJECT_DIR)/linker/Alipay/alipay",
				);
				ONLY_ACTIVE_ARCH = YES;
				OTHER_LDFLAGS = "-all_load";
				PRODUCT_NAME = "$(TARGET_NAME)";
				PROVISIONING_PROFILE = "4522731f-1f99-4736-b9c5-8aa3433cfee1";
				VALID_ARCHS = "armv7 armv7s";
				WRAPPER_EXTENSION = app;
			};
			name = Release;
		};
		3B452B5F1920FA63008729A9 /* Debug */ = {
			isa = XCBuildConfiguration;
			buildSettings = {
				BUNDLE_LOADER = "$(BUILT_PRODUCTS_DIR)/linker.app/linker";
				FRAMEWORK_SEARCH_PATHS = (
					"$(SDKROOT)/Developer/Library/Frameworks",
					"$(inherited)",
					"$(DEVELOPER_FRAMEWORKS_DIR)",
				);
				GCC_PRECOMPILE_PREFIX_HEADER = YES;
				GCC_PREFIX_HEADER = "linker/linker-Prefix.pch";
				GCC_PREPROCESSOR_DEFINITIONS = (
					"DEBUG=1",
					"$(inherited)",
				);
				INFOPLIST_FILE = "linkerTests/linkerTests-Info.plist";
				PRODUCT_NAME = "$(TARGET_NAME)";
				TEST_HOST = "$(BUNDLE_LOADER)";
				WRAPPER_EXTENSION = xctest;
			};
			name = Debug;
		};
		3B452B601920FA63008729A9 /* Release */ = {
			isa = XCBuildConfiguration;
			buildSettings = {
				BUNDLE_LOADER = "$(BUILT_PRODUCTS_DIR)/linker.app/linker";
				FRAMEWORK_SEARCH_PATHS = (
					"$(SDKROOT)/Developer/Library/Frameworks",
					"$(inherited)",
					"$(DEVELOPER_FRAMEWORKS_DIR)",
				);
				GCC_PRECOMPILE_PREFIX_HEADER = YES;
				GCC_PREFIX_HEADER = "linker/linker-Prefix.pch";
				INFOPLIST_FILE = "linkerTests/linkerTests-Info.plist";
				PRODUCT_NAME = "$(TARGET_NAME)";
				TEST_HOST = "$(BUNDLE_LOADER)";
				WRAPPER_EXTENSION = xctest;
			};
			name = Release;
		};
/* End XCBuildConfiguration section */

/* Begin XCConfigurationList section */
		3B452B241920FA63008729A9 /* Build configuration list for PBXProject "linker" */ = {
			isa = XCConfigurationList;
			buildConfigurations = (
				3B452B591920FA63008729A9 /* Debug */,
				3B452B5A1920FA63008729A9 /* Release */,
			);
			defaultConfigurationIsVisible = 0;
			defaultConfigurationName = Release;
		};
		3B452B5B1920FA63008729A9 /* Build configuration list for PBXNativeTarget "linker" */ = {
			isa = XCConfigurationList;
			buildConfigurations = (
				3B452B5C1920FA63008729A9 /* Debug */,
				3B452B5D1920FA63008729A9 /* Release */,
			);
			defaultConfigurationIsVisible = 0;
			defaultConfigurationName = Release;
		};
		3B452B5E1920FA63008729A9 /* Build configuration list for PBXNativeTarget "linkerTests" */ = {
			isa = XCConfigurationList;
			buildConfigurations = (
				3B452B5F1920FA63008729A9 /* Debug */,
				3B452B601920FA63008729A9 /* Release */,
			);
			defaultConfigurationIsVisible = 0;
			defaultConfigurationName = Release;
		};
/* End XCConfigurationList section */
	};
	rootObject = 3B452B211920FA63008729A9 /* Project object */;
}
